// !$*UTF8*$!
{
	archiveVersion = 1;
	classes = {
	};
	objectVersion = 56;
	objects = {

/* Begin PBXBuildFile section */
		0E7B904B2AB4ADAB0009A8BE /* Hach2023_newApp.swift in Sources */ = {isa = PBXBuildFile; fileRef = 0E7B904A2AB4ADAB0009A8BE /* Hach2023_newApp.swift */; };
		0E7B904D2AB4ADAB0009A8BE /* ContentView.swift in Sources */ = {isa = PBXBuildFile; fileRef = 0E7B904C2AB4ADAB0009A8BE /* ContentView.swift */; };
		0E7B904F2AB4ADAC0009A8BE /* Assets.xcassets in Resources */ = {isa = PBXBuildFile; fileRef = 0E7B904E2AB4ADAC0009A8BE /* Assets.xcassets */; };
		0E7B90522AB4ADAC0009A8BE /* Preview Assets.xcassets in Resources */ = {isa = PBXBuildFile; fileRef = 0E7B90512AB4ADAC0009A8BE /* Preview Assets.xcassets */; };
		0E7B905C2AB4ADAC0009A8BE /* Hach2023_newTests.swift in Sources */ = {isa = PBXBuildFile; fileRef = 0E7B905B2AB4ADAC0009A8BE /* Hach2023_newTests.swift */; };
		0E7B90662AB4ADAC0009A8BE /* Hach2023_newUITests.swift in Sources */ = {isa = PBXBuildFile; fileRef = 0E7B90652AB4ADAC0009A8BE /* Hach2023_newUITests.swift */; };
		0E7B90682AB4ADAC0009A8BE /* Hach2023_newUITestsLaunchTests.swift in Sources */ = {isa = PBXBuildFile; fileRef = 0E7B90672AB4ADAC0009A8BE /* Hach2023_newUITestsLaunchTests.swift */; };
/* End PBXBuildFile section */

/* Begin PBXContainerItemProxy section */
		0E7B90582AB4ADAC0009A8BE /* PBXContainerItemProxy */ = {
			isa = PBXContainerItemProxy;
			containerPortal = 0E7B903F2AB4ADAB0009A8BE /* Project object */;
			proxyType = 1;
			remoteGlobalIDString = 0E7B90462AB4ADAB0009A8BE;
			remoteInfo = Hach2023_new;
		};
		0E7B90622AB4ADAC0009A8BE /* PBXContainerItemProxy */ = {
			isa = PBXContainerItemProxy;
			containerPortal = 0E7B903F2AB4ADAB0009A8BE /* Project object */;
			proxyType = 1;
			remoteGlobalIDString = 0E7B90462AB4ADAB0009A8BE;
			remoteInfo = Hach2023_new;
		};
/* End PBXContainerItemProxy section */

/* Begin PBXFileReference section */
		0E7B90472AB4ADAB0009A8BE /* Hach2023_new.app */ = {isa = PBXFileReference; explicitFileType = wrapper.application; includeInIndex = 0; path = Hach2023_new.app; sourceTree = BUILT_PRODUCTS_DIR; };
		0E7B904A2AB4ADAB0009A8BE /* Hach2023_newApp.swift */ = {isa = PBXFileReference; lastKnownFileType = sourcecode.swift; path = Hach2023_newApp.swift; sourceTree = "<group>"; };
		0E7B904C2AB4ADAB0009A8BE /* ContentView.swift */ = {isa = PBXFileReference; lastKnownFileType = sourcecode.swift; path = ContentView.swift; sourceTree = "<group>"; };
		0E7B904E2AB4ADAC0009A8BE /* Assets.xcassets */ = {isa = PBXFileReference; lastKnownFileType = folder.assetcatalog; path = Assets.xcassets; sourceTree = "<group>"; };
		0E7B90512AB4ADAC0009A8BE /* Preview Assets.xcassets */ = {isa = PBXFileReference; lastKnownFileType = folder.assetcatalog; path = "Preview Assets.xcassets"; sourceTree = "<group>"; };
		0E7B90572AB4ADAC0009A8BE /* Hach2023_newTests.xctest */ = {isa = PBXFileReference; explicitFileType = wrapper.cfbundle; includeInIndex = 0; path = Hach2023_newTests.xctest; sourceTree = BUILT_PRODUCTS_DIR; };
		0E7B905B2AB4ADAC0009A8BE /* Hach2023_newTests.swift */ = {isa = PBXFileReference; lastKnownFileType = sourcecode.swift; path = Hach2023_newTests.swift; sourceTree = "<group>"; };
		0E7B90612AB4ADAC0009A8BE /* Hach2023_newUITests.xctest */ = {isa = PBXFileReference; explicitFileType = wrapper.cfbundle; includeInIndex = 0; path = Hach2023_newUITests.xctest; sourceTree = BUILT_PRODUCTS_DIR; };
		0E7B90652AB4ADAC0009A8BE /* Hach2023_newUITests.swift */ = {isa = PBXFileReference; lastKnownFileType = sourcecode.swift; path = Hach2023_newUITests.swift; sourceTree = "<group>"; };
		0E7B90672AB4ADAC0009A8BE /* Hach2023_newUITestsLaunchTests.swift */ = {isa = PBXFileReference; lastKnownFileType = sourcecode.swift; path = Hach2023_newUITestsLaunchTests.swift; sourceTree = "<group>"; };
/* End PBXFileReference section */

/* Begin PBXFrameworksBuildPhase section */
		0E7B90442AB4ADAB0009A8BE /* Frameworks */ = {
			isa = PBXFrameworksBuildPhase;
			buildActionMask = 2147483647;
			files = (
			);
			runOnlyForDeploymentPostprocessing = 0;
		};
		0E7B90542AB4ADAC0009A8BE /* Frameworks */ = {
			isa = PBXFrameworksBuildPhase;
			buildActionMask = 2147483647;
			files = (
			);
			runOnlyForDeploymentPostprocessing = 0;
		};
		0E7B905E2AB4ADAC0009A8BE /* Frameworks */ = {
			isa = PBXFrameworksBuildPhase;
			buildActionMask = 2147483647;
			files = (
			);
			runOnlyForDeploymentPostprocessing = 0;
		};
/* End PBXFrameworksBuildPhase section */

/* Begin PBXGroup section */
		0E7B903E2AB4ADAB0009A8BE = {
			isa = PBXGroup;
			children = (
				0E7B90492AB4ADAB0009A8BE /* Hach2023_new */,
				0E7B905A2AB4ADAC0009A8BE /* Hach2023_newTests */,
				0E7B90642AB4ADAC0009A8BE /* Hach2023_newUITests */,
				0E7B90482AB4ADAB0009A8BE /* Products */,
			);
			sourceTree = "<group>";
		};
		0E7B90482AB4ADAB0009A8BE /* Products */ = {
			isa = PBXGroup;
			children = (
				0E7B90472AB4ADAB0009A8BE /* Hach2023_new.app */,
				0E7B90572AB4ADAC0009A8BE /* Hach2023_newTests.xctest */,
				0E7B90612AB4ADAC0009A8BE /* Hach2023_newUITests.xctest */,
			);
			name = Products;
			sourceTree = "<group>";
		};
		0E7B90492AB4ADAB0009A8BE /* Hach2023_new */ = {
			isa = PBXGroup;
			children = (
				0E7B904A2AB4ADAB0009A8BE /* Hach2023_newApp.swift */,
				0E7B904C2AB4ADAB0009A8BE /* ContentView.swift */,
				0E7B904E2AB4ADAC0009A8BE /* Assets.xcassets */,
				0E7B90502AB4ADAC0009A8BE /* Preview Content */,
			);
			path = Hach2023_new;
			sourceTree = "<group>";
		};
		0E7B90502AB4ADAC0009A8BE /* Preview Content */ = {
			isa = PBXGroup;
			children = (
				0E7B90512AB4ADAC0009A8BE /* Preview Assets.xcassets */,
			);
			path = "Preview Content";
			sourceTree = "<group>";
		};
		0E7B905A2AB4ADAC0009A8BE /* Hach2023_newTests */ = {
			isa = PBXGroup;
			children = (
				0E7B905B2AB4ADAC0009A8BE /* Hach2023_newTests.swift */,
			);
			path = Hach2023_newTests;
			sourceTree = "<group>";
		};
		0E7B90642AB4ADAC0009A8BE /* Hach2023_newUITests */ = {
			isa = PBXGroup;
			children = (
				0E7B90652AB4ADAC0009A8BE /* Hach2023_newUITests.swift */,
				0E7B90672AB4ADAC0009A8BE /* Hach2023_newUITestsLaunchTests.swift */,
			);
			path = Hach2023_newUITests;
			sourceTree = "<group>";
		};
/* End PBXGroup section */

/* Begin PBXNativeTarget section */
		0E7B90462AB4ADAB0009A8BE /* Hach2023_new */ = {
			isa = PBXNativeTarget;
			buildConfigurationList = 0E7B906B2AB4ADAC0009A8BE /* Build configuration list for PBXNativeTarget "Hach2023_new" */;
			buildPhases = (
				0E7B90432AB4ADAB0009A8BE /* Sources */,
				0E7B90442AB4ADAB0009A8BE /* Frameworks */,
				0E7B90452AB4ADAB0009A8BE /* Resources */,
			);
			buildRules = (
			);
			dependencies = (
			);
			name = Hach2023_new;
			productName = Hach2023_new;
			productReference = 0E7B90472AB4ADAB0009A8BE /* Hach2023_new.app */;
			productType = "com.apple.product-type.application";
		};
		0E7B90562AB4ADAC0009A8BE /* Hach2023_newTests */ = {
			isa = PBXNativeTarget;
			buildConfigurationList = 0E7B906E2AB4ADAC0009A8BE /* Build configuration list for PBXNativeTarget "Hach2023_newTests" */;
			buildPhases = (
				0E7B90532AB4ADAC0009A8BE /* Sources */,
				0E7B90542AB4ADAC0009A8BE /* Frameworks */,
				0E7B90552AB4ADAC0009A8BE /* Resources */,
			);
			buildRules = (
			);
			dependencies = (
				0E7B90592AB4ADAC0009A8BE /* PBXTargetDependency */,
			);
			name = Hach2023_newTests;
			productName = Hach2023_newTests;
			productReference = 0E7B90572AB4ADAC0009A8BE /* Hach2023_newTests.xctest */;
			productType = "com.apple.product-type.bundle.unit-test";
		};
		0E7B90602AB4ADAC0009A8BE /* Hach2023_newUITests */ = {
			isa = PBXNativeTarget;
			buildConfigurationList = 0E7B90712AB4ADAC0009A8BE /* Build configuration list for PBXNativeTarget "Hach2023_newUITests" */;
			buildPhases = (
				0E7B905D2AB4ADAC0009A8BE /* Sources */,
				0E7B905E2AB4ADAC0009A8BE /* Frameworks */,
				0E7B905F2AB4ADAC0009A8BE /* Resources */,
			);
			buildRules = (
			);
			dependencies = (
				0E7B90632AB4ADAC0009A8BE /* PBXTargetDependency */,
			);
			name = Hach2023_newUITests;
			productName = Hach2023_newUITests;
			productReference = 0E7B90612AB4ADAC0009A8BE /* Hach2023_newUITests.xctest */;
			productType = "com.apple.product-type.bundle.ui-testing";
		};
/* End PBXNativeTarget section */

/* Begin PBXProject section */
		0E7B903F2AB4ADAB0009A8BE /* Project object */ = {
			isa = PBXProject;
			attributes = {
				BuildIndependentTargetsInParallel = 1;
				LastSwiftUpdateCheck = 1420;
				LastUpgradeCheck = 1420;
				TargetAttributes = {
					0E7B90462AB4ADAB0009A8BE = {
						CreatedOnToolsVersion = 14.2;
					};
					0E7B90562AB4ADAC0009A8BE = {
						CreatedOnToolsVersion = 14.2;
						TestTargetID = 0E7B90462AB4ADAB0009A8BE;
					};
					0E7B90602AB4ADAC0009A8BE = {
						CreatedOnToolsVersion = 14.2;
						TestTargetID = 0E7B90462AB4ADAB0009A8BE;
					};
				};
			};
			buildConfigurationList = 0E7B90422AB4ADAB0009A8BE /* Build configuration list for PBXProject "Hach2023_new" */;
			compatibilityVersion = "Xcode 14.0";
			developmentRegion = en;
			hasScannedForEncodings = 0;
			knownRegions = (
				en,
				Base,
			);
			mainGroup = 0E7B903E2AB4ADAB0009A8BE;
			productRefGroup = 0E7B90482AB4ADAB0009A8BE /* Products */;
			projectDirPath = "";
			projectRoot = "";
			targets = (
				0E7B90462AB4ADAB0009A8BE /* Hach2023_new */,
				0E7B90562AB4ADAC0009A8BE /* Hach2023_newTests */,
				0E7B90602AB4ADAC0009A8BE /* Hach2023_newUITests */,
			);
		};
/* End PBXProject section */

/* Begin PBXResourcesBuildPhase section */
		0E7B90452AB4ADAB0009A8BE /* Resources */ = {
			isa = PBXResourcesBuildPhase;
			buildActionMask = 2147483647;
			files = (
				0E7B90522AB4ADAC0009A8BE /* Preview Assets.xcassets in Resources */,
				0E7B904F2AB4ADAC0009A8BE /* Assets.xcassets in Resources */,
			);
			runOnlyForDeploymentPostprocessing = 0;
		};
		0E7B90552AB4ADAC0009A8BE /* Resources */ = {
			isa = PBXResourcesBuildPhase;
			buildActionMask = 2147483647;
			files = (
			);
			runOnlyForDeploymentPostprocessing = 0;
		};
		0E7B905F2AB4ADAC0009A8BE /* Resources */ = {
			isa = PBXResourcesBuildPhase;
			buildActionMask = 2147483647;
			files = (
			);
			runOnlyForDeploymentPostprocessing = 0;
		};
/* End PBXResourcesBuildPhase section */

/* Begin PBXSourcesBuildPhase section */
		0E7B90432AB4ADAB0009A8BE /* Sources */ = {
			isa = PBXSourcesBuildPhase;
			buildActionMask = 2147483647;
			files = (
				0E7B904D2AB4ADAB0009A8BE /* ContentView.swift in Sources */,
				0E7B904B2AB4ADAB0009A8BE /* Hach2023_newApp.swift in Sources */,
			);
			runOnlyForDeploymentPostprocessing = 0;
		};
		0E7B90532AB4ADAC0009A8BE /* Sources */ = {
			isa = PBXSourcesBuildPhase;
			buildActionMask = 2147483647;
			files = (
				0E7B905C2AB4ADAC0009A8BE /* Hach2023_newTests.swift in Sources */,
			);
			runOnlyForDeploymentPostprocessing = 0;
		};
		0E7B905D2AB4ADAC0009A8BE /* Sources */ = {
			isa = PBXSourcesBuildPhase;
			buildActionMask = 2147483647;
			files = (
				0E7B90682AB4ADAC0009A8BE /* Hach2023_newUITestsLaunchTests.swift in Sources */,
				0E7B90662AB4ADAC0009A8BE /* Hach2023_newUITests.swift in Sources */,
			);
			runOnlyForDeploymentPostprocessing = 0;
		};
/* End PBXSourcesBuildPhase section */

/* Begin PBXTargetDependency section */
		0E7B90592AB4ADAC0009A8BE /* PBXTargetDependency */ = {
			isa = PBXTargetDependency;
			target = 0E7B90462AB4ADAB0009A8BE /* Hach2023_new */;
			targetProxy = 0E7B90582AB4ADAC0009A8BE /* PBXContainerItemProxy */;
		};
		0E7B90632AB4ADAC0009A8BE /* PBXTargetDependency */ = {
			isa = PBXTargetDependency;
			target = 0E7B90462AB4ADAB0009A8BE /* Hach2023_new */;
			targetProxy = 0E7B90622AB4ADAC0009A8BE /* PBXContainerItemProxy */;
		};
/* End PBXTargetDependency section */

/* Begin XCBuildConfiguration section */
		0E7B90692AB4ADAC0009A8BE /* Debug */ = {
			isa = XCBuildConfiguration;
			buildSettings = {
				ALWAYS_SEARCH_USER_PATHS = NO;
				CLANG_ANALYZER_NONNULL = YES;
				CLANG_ANALYZER_NUMBER_OBJECT_CONVERSION = YES_AGGRESSIVE;
				CLANG_CXX_LANGUAGE_STANDARD = "gnu++20";
				CLANG_ENABLE_MODULES = YES;
				CLANG_ENABLE_OBJC_ARC = YES;
				CLANG_ENABLE_OBJC_WEAK = YES;
				CLANG_WARN_BLOCK_CAPTURE_AUTORELEASING = YES;
				CLANG_WARN_BOOL_CONVERSION = YES;
				CLANG_WARN_COMMA = YES;
				CLANG_WARN_CONSTANT_CONVERSION = YES;
				CLANG_WARN_DEPRECATED_OBJC_IMPLEMENTATIONS = YES;
				CLANG_WARN_DIRECT_OBJC_ISA_USAGE = YES_ERROR;
				CLANG_WARN_DOCUMENTATION_COMMENTS = YES;
				CLANG_WARN_EMPTY_BODY = YES;
				CLANG_WARN_ENUM_CONVERSION = YES;
				CLANG_WARN_INFINITE_RECURSION = YES;
				CLANG_WARN_INT_CONVERSION = YES;
				CLANG_WARN_NON_LITERAL_NULL_CONVERSION = YES;
				CLANG_WARN_OBJC_IMPLICIT_RETAIN_SELF = YES;
				CLANG_WARN_OBJC_LITERAL_CONVERSION = YES;
				CLANG_WARN_OBJC_ROOT_CLASS = YES_ERROR;
				CLANG_WARN_QUOTED_INCLUDE_IN_FRAMEWORK_HEADER = YES;
				CLANG_WARN_RANGE_LOOP_ANALYSIS = YES;
				CLANG_WARN_STRICT_PROTOTYPES = YES;
				CLANG_WARN_SUSPICIOUS_MOVE = YES;
				CLANG_WARN_UNGUARDED_AVAILABILITY = YES_AGGRESSIVE;
				CLANG_WARN_UNREACHABLE_CODE = YES;
				CLANG_WARN__DUPLICATE_METHOD_MATCH = YES;
				COPY_PHASE_STRIP = NO;
				DEBUG_INFORMATION_FORMAT = dwarf;
				ENABLE_STRICT_OBJC_MSGSEND = YES;
				ENABLE_TESTABILITY = YES;
				GCC_C_LANGUAGE_STANDARD = gnu11;
				GCC_DYNAMIC_NO_PIC = NO;
				GCC_NO_COMMON_BLOCKS = YES;
				GCC_OPTIMIZATION_LEVEL = 0;
				GCC_PREPROCESSOR_DEFINITIONS = (
					"DEBUG=1",
					"$(inherited)",
				);
				GCC_WARN_64_TO_32_BIT_CONVERSION = YES;
				GCC_WARN_ABOUT_RETURN_TYPE = YES_ERROR;
				GCC_WARN_UNDECLARED_SELECTOR = YES;
				GCC_WARN_UNINITIALIZED_AUTOS = YES_AGGRESSIVE;
				GCC_WARN_UNUSED_FUNCTION = YES;
				GCC_WARN_UNUSED_VARIABLE = YES;
				IPHONEOS_DEPLOYMENT_TARGET = 16.2;
				MTL_ENABLE_DEBUG_INFO = INCLUDE_SOURCE;
				MTL_FAST_MATH = YES;
				ONLY_ACTIVE_ARCH = YES;
				SDKROOT = iphoneos;
				SWIFT_ACTIVE_COMPILATION_CONDITIONS = DEBUG;
				SWIFT_OPTIMIZATION_LEVEL = "-Onone";
			};
			name = Debug;
		};
		0E7B906A2AB4ADAC0009A8BE /* Release */ = {
			isa = XCBuildConfiguration;
			buildSettings = {
				ALWAYS_SEARCH_USER_PATHS = NO;
				CLANG_ANALYZER_NONNULL = YES;
				CLANG_ANALYZER_NUMBER_OBJECT_CONVERSION = YES_AGGRESSIVE;
				CLANG_CXX_LANGUAGE_STANDARD = "gnu++20";
				CLANG_ENABLE_MODULES = YES;
				CLANG_ENABLE_OBJC_ARC = YES;
				CLANG_ENABLE_OBJC_WEAK = YES;
				CLANG_WARN_BLOCK_CAPTURE_AUTORELEASING = YES;
				CLANG_WARN_BOOL_CONVERSION = YES;
				CLANG_WARN_COMMA = YES;
				CLANG_WARN_CONSTANT_CONVERSION = YES;
				CLANG_WARN_DEPRECATED_OBJC_IMPLEMENTATIONS = YES;
				CLANG_WARN_DIRECT_OBJC_ISA_USAGE = YES_ERROR;
				CLANG_WARN_DOCUMENTATION_COMMENTS = YES;
				CLANG_WARN_EMPTY_BODY = YES;
				CLANG_WARN_ENUM_CONVERSION = YES;
				CLANG_WARN_INFINITE_RECURSION = YES;
				CLANG_WARN_INT_CONVERSION = YES;
				CLANG_WARN_NON_LITERAL_NULL_CONVERSION = YES;
				CLANG_WARN_OBJC_IMPLICIT_RETAIN_SELF = YES;
				CLANG_WARN_OBJC_LITERAL_CONVERSION = YES;
				CLANG_WARN_OBJC_ROOT_CLASS = YES_ERROR;
				CLANG_WARN_QUOTED_INCLUDE_IN_FRAMEWORK_HEADER = YES;
				CLANG_WARN_RANGE_LOOP_ANALYSIS = YES;
				CLANG_WARN_STRICT_PROTOTYPES = YES;
				CLANG_WARN_SUSPICIOUS_MOVE = YES;
				CLANG_WARN_UNGUARDED_AVAILABILITY = YES_AGGRESSIVE;
				CLANG_WARN_UNREACHABLE_CODE = YES;
				CLANG_WARN__DUPLICATE_METHOD_MATCH = YES;
				COPY_PHASE_STRIP = NO;
				DEBUG_INFORMATION_FORMAT = "dwarf-with-dsym";
				ENABLE_NS_ASSERTIONS = NO;
				ENABLE_STRICT_OBJC_MSGSEND = YES;
				GCC_C_LANGUAGE_STANDARD = gnu11;
				GCC_NO_COMMON_BLOCKS = YES;
				GCC_WARN_64_TO_32_BIT_CONVERSION = YES;
				GCC_WARN_ABOUT_RETURN_TYPE = YES_ERROR;
				GCC_WARN_UNDECLARED_SELECTOR = YES;
				GCC_WARN_UNINITIALIZED_AUTOS = YES_AGGRESSIVE;
				GCC_WARN_UNUSED_FUNCTION = YES;
				GCC_WARN_UNUSED_VARIABLE = YES;
				IPHONEOS_DEPLOYMENT_TARGET = 16.2;
				MTL_ENABLE_DEBUG_INFO = NO;
				MTL_FAST_MATH = YES;
				SDKROOT = iphoneos;
				SWIFT_COMPILATION_MODE = wholemodule;
				SWIFT_OPTIMIZATION_LEVEL = "-O";
				VALIDATE_PRODUCT = YES;
			};
			name = Release;
		};
		0E7B906C2AB4ADAC0009A8BE /* Debug */ = {
			isa = XCBuildConfiguration;
			buildSettings = {
				ASSETCATALOG_COMPILER_APPICON_NAME = AppIcon;
				ASSETCATALOG_COMPILER_GLOBAL_ACCENT_COLOR_NAME = AccentColor;
				CODE_SIGN_STYLE = Automatic;
				CURRENT_PROJECT_VERSION = 1;
				DEVELOPMENT_ASSET_PATHS = "\"Hach2023_new/Preview Content\"";
				DEVELOPMENT_TEAM = 2FYTR3E5Q9;
				ENABLE_PREVIEWS = YES;
				GENERATE_INFOPLIST_FILE = YES;
				INFOPLIST_KEY_UIApplicationSceneManifest_Generation = YES;
				INFOPLIST_KEY_UIApplicationSupportsIndirectInputEvents = YES;
				INFOPLIST_KEY_UILaunchScreen_Generation = YES;
				INFOPLIST_KEY_UISupportedInterfaceOrientations_iPad = "UIInterfaceOrientationPortrait UIInterfaceOrientationPortraitUpsideDown UIInterfaceOrientationLandscapeLeft UIInterfaceOrientationLandscapeRight";
				INFOPLIST_KEY_UISupportedInterfaceOrientations_iPhone = "UIInterfaceOrientationPortrait UIInterfaceOrientationLandscapeLeft UIInterfaceOrientationLandscapeRight";
				LD_RUNPATH_SEARCH_PATHS = (
					"$(inherited)",
					"@executable_path/Frameworks",
				);
				MARKETING_VERSION = 1.0;
				PRODUCT_BUNDLE_IDENTIFIER = "IvanDosev.Hach2023-new";
				PRODUCT_NAME = "$(TARGET_NAME)";
				SWIFT_EMIT_LOC_STRINGS = YES;
				SWIFT_VERSION = 5.0;
				TARGETED_DEVICE_FAMILY = "1,2";
			};
			name = Debug;
		};
		0E7B906D2AB4ADAC0009A8BE /* Release */ = {
			isa = XCBuildConfiguration;
			buildSettings = {
				ASSETCATALOG_COMPILER_APPICON_NAME = AppIcon;
				ASSETCATALOG_COMPILER_GLOBAL_ACCENT_COLOR_NAME = AccentColor;
				CODE_SIGN_STYLE = Automatic;
				CURRENT_PROJECT_VERSION = 1;
				DEVELOPMENT_ASSET_PATHS = "\"Hach2023_new/Preview Content\"";
				DEVELOPMENT_TEAM = 2FYTR3E5Q9;
				ENABLE_PREVIEWS = YES;
				GENERATE_INFOPLIST_FILE = YES;
				INFOPLIST_KEY_UIApplicationSceneManifest_Generation = YES;
				INFOPLIST_KEY_UIApplicationSupportsIndirectInputEvents = YES;
				INFOPLIST_KEY_UILaunchScreen_Generation = YES;
				INFOPLIST_KEY_UISupportedInterfaceOrientations_iPad = "UIInterfaceOrientationPortrait UIInterfaceOrientationPortraitUpsideDown UIInterfaceOrientationLandscapeLeft UIInterfaceOrientationLandscapeRight";
				INFOPLIST_KEY_UISupportedInterfaceOrientations_iPhone = "UIInterfaceOrientationPortrait UIInterfaceOrientationLandscapeLeft UIInterfaceOrientationLandscapeRight";
				LD_RUNPATH_SEARCH_PATHS = (
					"$(inherited)",
					"@executable_path/Frameworks",
				);
				MARKETING_VERSION = 1.0;
				PRODUCT_BUNDLE_IDENTIFIER = "IvanDosev.Hach2023-new";
				PRODUCT_NAME = "$(TARGET_NAME)";
				SWIFT_EMIT_LOC_STRINGS = YES;
				SWIFT_VERSION = 5.0;
				TARGETED_DEVICE_FAMILY = "1,2";
			};
			name = Release;
		};
		0E7B906F2AB4ADAC0009A8BE /* Debug */ = {
			isa = XCBuildConfiguration;
			buildSettings = {
				ALWAYS_EMBED_SWIFT_STANDARD_LIBRARIES = YES;
				BUNDLE_LOADER = "$(TEST_HOST)";
				CODE_SIGN_STYLE = Automatic;
				CURRENT_PROJECT_VERSION = 1;
				DEVELOPMENT_TEAM = 2FYTR3E5Q9;
				GENERATE_INFOPLIST_FILE = YES;
				IPHONEOS_DEPLOYMENT_TARGET = 16.2;
				MARKETING_VERSION = 1.0;
				PRODUCT_BUNDLE_IDENTIFIER = "IvanDosev.Hach2023-newTests";
				PRODUCT_NAME = "$(TARGET_NAME)";
				SWIFT_EMIT_LOC_STRINGS = NO;
				SWIFT_VERSION = 5.0;
				TARGETED_DEVICE_FAMILY = "1,2";
				TEST_HOST = "$(BUILT_PRODUCTS_DIR)/Hach2023_new.app/$(BUNDLE_EXECUTABLE_FOLDER_PATH)/Hach2023_new";
			};
			name = Debug;
		};
		0E7B90702AB4ADAC0009A8BE /* Release */ = {
			isa = XCBuildConfiguration;
			buildSettings = {
				ALWAYS_EMBED_SWIFT_STANDARD_LIBRARIES = YES;
				BUNDLE_LOADER = "$(TEST_HOST)";
				CODE_SIGN_STYLE = Automatic;
				CURRENT_PROJECT_VERSION = 1;
				DEVELOPMENT_TEAM = 2FYTR3E5Q9;
				GENERATE_INFOPLIST_FILE = YES;
				IPHONEOS_DEPLOYMENT_TARGET = 16.2;
				MARKETING_VERSION = 1.0;
				PRODUCT_BUNDLE_IDENTIFIER = "IvanDosev.Hach2023-newTests";
				PRODUCT_NAME = "$(TARGET_NAME)";
				SWIFT_EMIT_LOC_STRINGS = NO;
				SWIFT_VERSION = 5.0;
				TARGETED_DEVICE_FAMILY = "1,2";
				TEST_HOST = "$(BUILT_PRODUCTS_DIR)/Hach2023_new.app/$(BUNDLE_EXECUTABLE_FOLDER_PATH)/Hach2023_new";
			};
			name = Release;
		};
		0E7B90722AB4ADAC0009A8BE /* Debug */ = {
			isa = XCBuildConfiguration;
			buildSettings = {
				ALWAYS_EMBED_SWIFT_STANDARD_LIBRARIES = YES;
				CODE_SIGN_STYLE = Automatic;
				CURRENT_PROJECT_VERSION = 1;
				DEVELOPMENT_TEAM = 2FYTR3E5Q9;
				GENERATE_INFOPLIST_FILE = YES;
				MARKETING_VERSION = 1.0;
				PRODUCT_BUNDLE_IDENTIFIER = "IvanDosev.Hach2023-newUITests";
				PRODUCT_NAME = "$(TARGET_NAME)";
				SWIFT_EMIT_LOC_STRINGS = NO;
				SWIFT_VERSION = 5.0;
				TARGETED_DEVICE_FAMILY = "1,2";
				TEST_TARGET_NAME = Hach2023_new;
			};
			name = Debug;
		};
		0E7B90732AB4ADAC0009A8BE /* Release */ = {
			isa = XCBuildConfiguration;
			buildSettings = {
				ALWAYS_EMBED_SWIFT_STANDARD_LIBRARIES = YES;
				CODE_SIGN_STYLE = Automatic;
				CURRENT_PROJECT_VERSION = 1;
				DEVELOPMENT_TEAM = 2FYTR3E5Q9;
				GENERATE_INFOPLIST_FILE = YES;
				MARKETING_VERSION = 1.0;
				PRODUCT_BUNDLE_IDENTIFIER = "IvanDosev.Hach2023-newUITests";
				PRODUCT_NAME = "$(TARGET_NAME)";
				SWIFT_EMIT_LOC_STRINGS = NO;
				SWIFT_VERSION = 5.0;
				TARGETED_DEVICE_FAMILY = "1,2";
				TEST_TARGET_NAME = Hach2023_new;
			};
			name = Release;
		};
/* End XCBuildConfiguration section */

/* Begin XCConfigurationList section */
		0E7B90422AB4ADAB0009A8BE /* Build configuration list for PBXProject "Hach2023_new" */ = {
			isa = XCConfigurationList;
			buildConfigurations = (
				0E7B90692AB4ADAC0009A8BE /* Debug */,
				0E7B906A2AB4ADAC0009A8BE /* Release */,
			);
			defaultConfigurationIsVisible = 0;
			defaultConfigurationName = Release;
		};
		0E7B906B2AB4ADAC0009A8BE /* Build configuration list for PBXNativeTarget "Hach2023_new" */ = {
			isa = XCConfigurationList;
			buildConfigurations = (
				0E7B906C2AB4ADAC0009A8BE /* Debug */,
				0E7B906D2AB4ADAC0009A8BE /* Release */,
			);
			defaultConfigurationIsVisible = 0;
			defaultConfigurationName = Release;
		};
		0E7B906E2AB4ADAC0009A8BE /* Build configuration list for PBXNativeTarget "Hach2023_newTests" */ = {
			isa = XCConfigurationList;
			buildConfigurations = (
				0E7B906F2AB4ADAC0009A8BE /* Debug */,
				0E7B90702AB4ADAC0009A8BE /* Release */,
			);
			defaultConfigurationIsVisible = 0;
			defaultConfigurationName = Release;
		};
		0E7B90712AB4ADAC0009A8BE /* Build configuration list for PBXNativeTarget "Hach2023_newUITests" */ = {
			isa = XCConfigurationList;
			buildConfigurations = (
				0E7B90722AB4ADAC0009A8BE /* Debug */,
				0E7B90732AB4ADAC0009A8BE /* Release */,
			);
			defaultConfigurationIsVisible = 0;
			defaultConfigurationName = Release;
		};
/* End XCConfigurationList section */
	};
	rootObject = 0E7B903F2AB4ADAB0009A8BE /* Project object */;
}
