// !$*UTF8*$!
{
	archiveVersion = 1;
	classes = {
	};
	objectVersion = 56;
	objects = {

/* Begin PBXBuildFile section */
		0E7B904B2AB4ADAB0009A8BE /* Hach2023_newApp.swift in Sources */ = {isa = PBXBuildFile; fileRef = 0E7B904A2AB4ADAB0009A8BE /* Hach2023_newApp.swift */; };
		0E7B904D2AB4ADAB0009A8BE /* ContentView.swift in Sources */ = {isa = PBXBuildFile; fileRef = 0E7B904C2AB4ADAB0009A8BE /* ContentView.swift */; };
		0E7B904F2AB4ADAC0009A8BE /* Assets.xcassets in Resources */ = {isa = PBXBuildFile; fileRef = 0E7B904E2AB4ADAC0009A8BE /* Assets.xcassets */; };
		0E7B90522AB4ADAC0009A8BE /* Preview Assets.xcassets in Resources */ = {isa = PBXBuildFile; fileRef = 0E7B90512AB4ADAC0009A8BE /* Preview Assets.xcassets */; };
		0E7B905C2AB4ADAC0009A8BE /* Hach2023_newTests.swift in Sources */ = {isa = PBXBuildFile; fileRef = 0E7B905B2AB4ADAC0009A8BE /* Hach2023_newTests.swift */; };
		0E7B90662AB4ADAC0009A8BE /* Hach2023_newUITests.swift in Sources */ = {isa = PBXBuildFile; fileRef = 0E7B90652AB4ADAC0009A8BE /* Hach2023_newUITests.swift */; };
		0E7B90682AB4ADAC0009A8BE /* Hach2023_newUITestsLaunchTests.swift in Sources */ = {isa = PBXBuildFile; fileRef = 0E7B90672AB4ADAC0009A8BE /* Hach2023_newUITestsLaunchTests.swift */; };
		0E7B90762AB4ADCE0009A8BE /* web3swift in Frameworks */ = {isa = PBXBuildFile; productRef = 0E7B90752AB4ADCE0009A8BE /* web3swift */; };
		6E49C5092AB4C8040068DAA2 /* Model.swift in Sources */ = {isa = PBXBuildFile; fileRef = 6E49C5082AB4C8040068DAA2 /* Model.swift */; };
		6E7C3A732AB5856300591FF2 /* ViewModel.swift in Sources */ = {isa = PBXBuildFile; fileRef = 6E7C3A722AB5856300591FF2 /* ViewModel.swift */; };
		6E7C3A752AB589E600591FF2 /* QRCodeView.swift in Sources */ = {isa = PBXBuildFile; fileRef = 6E7C3A742AB589E600591FF2 /* QRCodeView.swift */; };
		6E7C3AB12AB5B33300591FF2 /* OneView.swift in Sources */ = {isa = PBXBuildFile; fileRef = 6E7C3AB02AB5B33300591FF2 /* OneView.swift */; };
		6E7C3AB32AB5B37700591FF2 /* TwoView.swift in Sources */ = {isa = PBXBuildFile; fileRef = 6E7C3AB22AB5B37700591FF2 /* TwoView.swift */; };
		6E7C3AB52AB5B83900591FF2 /* ScanView.swift in Sources */ = {isa = PBXBuildFile; fileRef = 6E7C3AB42AB5B83900591FF2 /* ScanView.swift */; };
		6E7C3AB82AB5B8D800591FF2 /* CodeScanner in Frameworks */ = {isa = PBXBuildFile; productRef = 6E7C3AB72AB5B8D800591FF2 /* CodeScanner */; };
		6E7C3ABA2AB5C83F00591FF2 /* PersonView.swift in Sources */ = {isa = PBXBuildFile; fileRef = 6E7C3AB92AB5C83F00591FF2 /* PersonView.swift */; };
		6E7C3ABD2AB5CAD700591FF2 /* Starscream in Frameworks */ = {isa = PBXBuildFile; productRef = 6E7C3ABC2AB5CAD700591FF2 /* Starscream */; };
		6E7C3AE82AB5CB1B00591FF2 /* KeyExchange.swift in Sources */ = {isa = PBXBuildFile; fileRef = 6E7C3AC22AB5CB1B00591FF2 /* KeyExchange.swift */; };
		6E7C3AE92AB5CB1B00591FF2 /* Crypto.swift in Sources */ = {isa = PBXBuildFile; fileRef = 6E7C3AC32AB5CB1B00591FF2 /* Crypto.swift */; };
		6E7C3AEA2AB5CB1B00591FF2 /* Logging.swift in Sources */ = {isa = PBXBuildFile; fileRef = 6E7C3AC52AB5CB1B00591FF2 /* Logging.swift */; };
		6E7C3AEB2AB5CB1B00591FF2 /* SDKInfo.swift in Sources */ = {isa = PBXBuildFile; fileRef = 6E7C3AC72AB5CB1B00591FF2 /* SDKInfo.swift */; };
		6E7C3AEC2AB5CB1B00591FF2 /* MetaMaskSDK.swift in Sources */ = {isa = PBXBuildFile; fileRef = 6E7C3AC82AB5CB1B00591FF2 /* MetaMaskSDK.swift */; };
		6E7C3AED2AB5CB1B00591FF2 /* SecureStore.swift in Sources */ = {isa = PBXBuildFile; fileRef = 6E7C3ACA2AB5CB1B00591FF2 /* SecureStore.swift */; };
		6E7C3AEE2AB5CB1B00591FF2 /* SessionConfig.swift in Sources */ = {isa = PBXBuildFile; fileRef = 6E7C3ACB2AB5CB1B00591FF2 /* SessionConfig.swift */; };
		6E7C3AEF2AB5CB1B00591FF2 /* Network.swift in Sources */ = {isa = PBXBuildFile; fileRef = 6E7C3ACD2AB5CB1B00591FF2 /* Network.swift */; };
		6E7C3AF02AB5CB1B00591FF2 /* NetworkError.swift in Sources */ = {isa = PBXBuildFile; fileRef = 6E7C3ACE2AB5CB1B00591FF2 /* NetworkError.swift */; };
		6E7C3AF12AB5CB1B00591FF2 /* Endpoint.swift in Sources */ = {isa = PBXBuildFile; fileRef = 6E7C3ACF2AB5CB1B00591FF2 /* Endpoint.swift */; };
		6E7C3AF22AB5CB1B00591FF2 /* Models.swift in Sources */ = {isa = PBXBuildFile; fileRef = 6E7C3AD22AB5CB1B00591FF2 /* Models.swift */; };
		6E7C3AF32AB5CB1B00591FF2 /* ClientEvent.swift in Sources */ = {isa = PBXBuildFile; fileRef = 6E7C3AD32AB5CB1B00591FF2 /* ClientEvent.swift */; };
		6E7C3AF42AB5CB1B00591FF2 /* SocketChannel.swift in Sources */ = {isa = PBXBuildFile; fileRef = 6E7C3AD42AB5CB1B00591FF2 /* SocketChannel.swift */; };
		6E7C3AF52AB5CB1B00591FF2 /* SocketClient.swift in Sources */ = {isa = PBXBuildFile; fileRef = 6E7C3AD52AB5CB1B00591FF2 /* SocketClient.swift */; };
		6E7C3AF62AB5CB1B00591FF2 /* EthereumRequest.swift in Sources */ = {isa = PBXBuildFile; fileRef = 6E7C3AD72AB5CB1B00591FF2 /* EthereumRequest.swift */; };
		6E7C3AF72AB5CB1B00591FF2 /* EthereumMethod.swift in Sources */ = {isa = PBXBuildFile; fileRef = 6E7C3AD82AB5CB1B00591FF2 /* EthereumMethod.swift */; };
		6E7C3AF82AB5CB1B00591FF2 /* Dapp.swift in Sources */ = {isa = PBXBuildFile; fileRef = 6E7C3AD92AB5CB1B00591FF2 /* Dapp.swift */; };
		6E7C3AF92AB5CB1B00591FF2 /* Ethereum.swift in Sources */ = {isa = PBXBuildFile; fileRef = 6E7C3ADA2AB5CB1B00591FF2 /* Ethereum.swift */; };
		6E7C3AFA2AB5CB1B00591FF2 /* ErrorType.swift in Sources */ = {isa = PBXBuildFile; fileRef = 6E7C3ADB2AB5CB1B00591FF2 /* ErrorType.swift */; };
		6E7C3AFB2AB5CB1B00591FF2 /* SubmitRequest.swift in Sources */ = {isa = PBXBuildFile; fileRef = 6E7C3ADC2AB5CB1B00591FF2 /* SubmitRequest.swift */; };
		6E7C3AFC2AB5CB1B00591FF2 /* RequestError.swift in Sources */ = {isa = PBXBuildFile; fileRef = 6E7C3ADD2AB5CB1B00591FF2 /* RequestError.swift */; };
		6E7C3AFD2AB5CB1B00591FF2 /* ResponseMethod.swift in Sources */ = {isa = PBXBuildFile; fileRef = 6E7C3ADE2AB5CB1B00591FF2 /* ResponseMethod.swift */; };
		6E7C3AFE2AB5CB1B00591FF2 /* Analytics.swift in Sources */ = {isa = PBXBuildFile; fileRef = 6E7C3AE02AB5CB1B00591FF2 /* Analytics.swift */; };
		6E7C3AFF2AB5CB1B00591FF2 /* Event.swift in Sources */ = {isa = PBXBuildFile; fileRef = 6E7C3AE12AB5CB1B00591FF2 /* Event.swift */; };
		6E7C3B002AB5CB1B00591FF2 /* BackgroundTaskManager.swift in Sources */ = {isa = PBXBuildFile; fileRef = 6E7C3AE32AB5CB1B00591FF2 /* BackgroundTaskManager.swift */; };
		6E7C3B012AB5CB1B00591FF2 /* Ecies.xcframework in Frameworks */ = {isa = PBXBuildFile; fileRef = 6E7C3AE52AB5CB1B00591FF2 /* Ecies.xcframework */; };
		6E7C3B022AB5CB1B00591FF2 /* .gitkeep in Resources */ = {isa = PBXBuildFile; fileRef = 6E7C3AE72AB5CB1B00591FF2 /* .gitkeep */; };
		6E7C3B0B2AB5CB2800591FF2 /* TransactionView.swift in Sources */ = {isa = PBXBuildFile; fileRef = 6E7C3B042AB5CB2800591FF2 /* TransactionView.swift */; };
		6E7C3B0C2AB5CB2800591FF2 /* NetworkView.swift in Sources */ = {isa = PBXBuildFile; fileRef = 6E7C3B052AB5CB2800591FF2 /* NetworkView.swift */; };
		6E7C3B0D2AB5CB2800591FF2 /* ToastView.swift in Sources */ = {isa = PBXBuildFile; fileRef = 6E7C3B062AB5CB2800591FF2 /* ToastView.swift */; };
		6E7C3B0E2AB5CB2800591FF2 /* ViewExtension.swift in Sources */ = {isa = PBXBuildFile; fileRef = 6E7C3B072AB5CB2800591FF2 /* ViewExtension.swift */; };
		6E7C3B0F2AB5CB2800591FF2 /* ToastOverlay.swift in Sources */ = {isa = PBXBuildFile; fileRef = 6E7C3B082AB5CB2800591FF2 /* ToastOverlay.swift */; };
		6E7C3B102AB5CB2800591FF2 /* SignView.swift in Sources */ = {isa = PBXBuildFile; fileRef = 6E7C3B092AB5CB2800591FF2 /* SignView.swift */; };
		6E7C3B112AB5CB2800591FF2 /* SwitchChainView.swift in Sources */ = {isa = PBXBuildFile; fileRef = 6E7C3B0A2AB5CB2800591FF2 /* SwitchChainView.swift */; };
		6E7C3B142AB5CC2F00591FF2 /* SocketIO in Frameworks */ = {isa = PBXBuildFile; productRef = 6E7C3B132AB5CC2F00591FF2 /* SocketIO */; };
		6E7C3B162AB5E08100591FF2 /* JSONFile.swift in Sources */ = {isa = PBXBuildFile; fileRef = 6E7C3B152AB5E08100591FF2 /* JSONFile.swift */; };
		6E7C3B192AB5E67400591FF2 /* FirebaseAuth in Frameworks */ = {isa = PBXBuildFile; productRef = 6E7C3B182AB5E67400591FF2 /* FirebaseAuth */; };
		6E7C3B1B2AB5E67400591FF2 /* FirebaseFirestore in Frameworks */ = {isa = PBXBuildFile; productRef = 6E7C3B1A2AB5E67400591FF2 /* FirebaseFirestore */; };
/* End PBXBuildFile section */

/* Begin PBXContainerItemProxy section */
		0E7B90582AB4ADAC0009A8BE /* PBXContainerItemProxy */ = {
			isa = PBXContainerItemProxy;
			containerPortal = 0E7B903F2AB4ADAB0009A8BE /* Project object */;
			proxyType = 1;
			remoteGlobalIDString = 0E7B90462AB4ADAB0009A8BE;
			remoteInfo = Hach2023_new;
		};
		0E7B90622AB4ADAC0009A8BE /* PBXContainerItemProxy */ = {
			isa = PBXContainerItemProxy;
			containerPortal = 0E7B903F2AB4ADAB0009A8BE /* Project object */;
			proxyType = 1;
			remoteGlobalIDString = 0E7B90462AB4ADAB0009A8BE;
			remoteInfo = Hach2023_new;
		};
/* End PBXContainerItemProxy section */

/* Begin PBXFileReference section */
		0E7B90472AB4ADAB0009A8BE /* Hach2023_new.app */ = {isa = PBXFileReference; explicitFileType = wrapper.application; includeInIndex = 0; path = Hach2023_new.app; sourceTree = BUILT_PRODUCTS_DIR; };
		0E7B904A2AB4ADAB0009A8BE /* Hach2023_newApp.swift */ = {isa = PBXFileReference; lastKnownFileType = sourcecode.swift; path = Hach2023_newApp.swift; sourceTree = "<group>"; };
		0E7B904C2AB4ADAB0009A8BE /* ContentView.swift */ = {isa = PBXFileReference; lastKnownFileType = sourcecode.swift; path = ContentView.swift; sourceTree = "<group>"; };
		0E7B904E2AB4ADAC0009A8BE /* Assets.xcassets */ = {isa = PBXFileReference; lastKnownFileType = folder.assetcatalog; path = Assets.xcassets; sourceTree = "<group>"; };
		0E7B90512AB4ADAC0009A8BE /* Preview Assets.xcassets */ = {isa = PBXFileReference; lastKnownFileType = folder.assetcatalog; path = "Preview Assets.xcassets"; sourceTree = "<group>"; };
		0E7B90572AB4ADAC0009A8BE /* Hach2023_newTests.xctest */ = {isa = PBXFileReference; explicitFileType = wrapper.cfbundle; includeInIndex = 0; path = Hach2023_newTests.xctest; sourceTree = BUILT_PRODUCTS_DIR; };
		0E7B905B2AB4ADAC0009A8BE /* Hach2023_newTests.swift */ = {isa = PBXFileReference; lastKnownFileType = sourcecode.swift; path = Hach2023_newTests.swift; sourceTree = "<group>"; };
		0E7B90612AB4ADAC0009A8BE /* Hach2023_newUITests.xctest */ = {isa = PBXFileReference; explicitFileType = wrapper.cfbundle; includeInIndex = 0; path = Hach2023_newUITests.xctest; sourceTree = BUILT_PRODUCTS_DIR; };
		0E7B90652AB4ADAC0009A8BE /* Hach2023_newUITests.swift */ = {isa = PBXFileReference; lastKnownFileType = sourcecode.swift; path = Hach2023_newUITests.swift; sourceTree = "<group>"; };
		0E7B90672AB4ADAC0009A8BE /* Hach2023_newUITestsLaunchTests.swift */ = {isa = PBXFileReference; lastKnownFileType = sourcecode.swift; path = Hach2023_newUITestsLaunchTests.swift; sourceTree = "<group>"; };
		6E49C5082AB4C8040068DAA2 /* Model.swift */ = {isa = PBXFileReference; lastKnownFileType = sourcecode.swift; path = Model.swift; sourceTree = "<group>"; };
		6E7C3A722AB5856300591FF2 /* ViewModel.swift */ = {isa = PBXFileReference; lastKnownFileType = sourcecode.swift; path = ViewModel.swift; sourceTree = "<group>"; };
		6E7C3A742AB589E600591FF2 /* QRCodeView.swift */ = {isa = PBXFileReference; lastKnownFileType = sourcecode.swift; path = QRCodeView.swift; sourceTree = "<group>"; };
		6E7C3AB02AB5B33300591FF2 /* OneView.swift */ = {isa = PBXFileReference; lastKnownFileType = sourcecode.swift; path = OneView.swift; sourceTree = "<group>"; };
		6E7C3AB22AB5B37700591FF2 /* TwoView.swift */ = {isa = PBXFileReference; lastKnownFileType = sourcecode.swift; path = TwoView.swift; sourceTree = "<group>"; };
		6E7C3AB42AB5B83900591FF2 /* ScanView.swift */ = {isa = PBXFileReference; lastKnownFileType = sourcecode.swift; path = ScanView.swift; sourceTree = "<group>"; };
		6E7C3AB92AB5C83F00591FF2 /* PersonView.swift */ = {isa = PBXFileReference; lastKnownFileType = sourcecode.swift; path = PersonView.swift; sourceTree = "<group>"; };
		6E7C3AC22AB5CB1B00591FF2 /* KeyExchange.swift */ = {isa = PBXFileReference; fileEncoding = 4; lastKnownFileType = sourcecode.swift; path = KeyExchange.swift; sourceTree = "<group>"; };
		6E7C3AC32AB5CB1B00591FF2 /* Crypto.swift */ = {isa = PBXFileReference; fileEncoding = 4; lastKnownFileType = sourcecode.swift; path = Crypto.swift; sourceTree = "<group>"; };
		6E7C3AC52AB5CB1B00591FF2 /* Logging.swift */ = {isa = PBXFileReference; fileEncoding = 4; lastKnownFileType = sourcecode.swift; path = Logging.swift; sourceTree = "<group>"; };
		6E7C3AC72AB5CB1B00591FF2 /* SDKInfo.swift */ = {isa = PBXFileReference; fileEncoding = 4; lastKnownFileType = sourcecode.swift; path = SDKInfo.swift; sourceTree = "<group>"; };
		6E7C3AC82AB5CB1B00591FF2 /* MetaMaskSDK.swift */ = {isa = PBXFileReference; fileEncoding = 4; lastKnownFileType = sourcecode.swift; path = MetaMaskSDK.swift; sourceTree = "<group>"; };
		6E7C3ACA2AB5CB1B00591FF2 /* SecureStore.swift */ = {isa = PBXFileReference; fileEncoding = 4; lastKnownFileType = sourcecode.swift; path = SecureStore.swift; sourceTree = "<group>"; };
		6E7C3ACB2AB5CB1B00591FF2 /* SessionConfig.swift */ = {isa = PBXFileReference; fileEncoding = 4; lastKnownFileType = sourcecode.swift; path = SessionConfig.swift; sourceTree = "<group>"; };
		6E7C3ACD2AB5CB1B00591FF2 /* Network.swift */ = {isa = PBXFileReference; fileEncoding = 4; lastKnownFileType = sourcecode.swift; path = Network.swift; sourceTree = "<group>"; };
		6E7C3ACE2AB5CB1B00591FF2 /* NetworkError.swift */ = {isa = PBXFileReference; fileEncoding = 4; lastKnownFileType = sourcecode.swift; path = NetworkError.swift; sourceTree = "<group>"; };
		6E7C3ACF2AB5CB1B00591FF2 /* Endpoint.swift */ = {isa = PBXFileReference; fileEncoding = 4; lastKnownFileType = sourcecode.swift; path = Endpoint.swift; sourceTree = "<group>"; };
		6E7C3AD22AB5CB1B00591FF2 /* Models.swift */ = {isa = PBXFileReference; fileEncoding = 4; lastKnownFileType = sourcecode.swift; path = Models.swift; sourceTree = "<group>"; };
		6E7C3AD32AB5CB1B00591FF2 /* ClientEvent.swift */ = {isa = PBXFileReference; fileEncoding = 4; lastKnownFileType = sourcecode.swift; path = ClientEvent.swift; sourceTree = "<group>"; };
		6E7C3AD42AB5CB1B00591FF2 /* SocketChannel.swift */ = {isa = PBXFileReference; fileEncoding = 4; lastKnownFileType = sourcecode.swift; path = SocketChannel.swift; sourceTree = "<group>"; };
		6E7C3AD52AB5CB1B00591FF2 /* SocketClient.swift */ = {isa = PBXFileReference; fileEncoding = 4; lastKnownFileType = sourcecode.swift; path = SocketClient.swift; sourceTree = "<group>"; };
		6E7C3AD72AB5CB1B00591FF2 /* EthereumRequest.swift */ = {isa = PBXFileReference; fileEncoding = 4; lastKnownFileType = sourcecode.swift; path = EthereumRequest.swift; sourceTree = "<group>"; };
		6E7C3AD82AB5CB1B00591FF2 /* EthereumMethod.swift */ = {isa = PBXFileReference; fileEncoding = 4; lastKnownFileType = sourcecode.swift; path = EthereumMethod.swift; sourceTree = "<group>"; };
		6E7C3AD92AB5CB1B00591FF2 /* Dapp.swift */ = {isa = PBXFileReference; fileEncoding = 4; lastKnownFileType = sourcecode.swift; path = Dapp.swift; sourceTree = "<group>"; };
		6E7C3ADA2AB5CB1B00591FF2 /* Ethereum.swift */ = {isa = PBXFileReference; fileEncoding = 4; lastKnownFileType = sourcecode.swift; path = Ethereum.swift; sourceTree = "<group>"; };
		6E7C3ADB2AB5CB1B00591FF2 /* ErrorType.swift */ = {isa = PBXFileReference; fileEncoding = 4; lastKnownFileType = sourcecode.swift; path = ErrorType.swift; sourceTree = "<group>"; };
		6E7C3ADC2AB5CB1B00591FF2 /* SubmitRequest.swift */ = {isa = PBXFileReference; fileEncoding = 4; lastKnownFileType = sourcecode.swift; path = SubmitRequest.swift; sourceTree = "<group>"; };
		6E7C3ADD2AB5CB1B00591FF2 /* RequestError.swift */ = {isa = PBXFileReference; fileEncoding = 4; lastKnownFileType = sourcecode.swift; path = RequestError.swift; sourceTree = "<group>"; };
		6E7C3ADE2AB5CB1B00591FF2 /* ResponseMethod.swift */ = {isa = PBXFileReference; fileEncoding = 4; lastKnownFileType = sourcecode.swift; path = ResponseMethod.swift; sourceTree = "<group>"; };
		6E7C3AE02AB5CB1B00591FF2 /* Analytics.swift */ = {isa = PBXFileReference; fileEncoding = 4; lastKnownFileType = sourcecode.swift; path = Analytics.swift; sourceTree = "<group>"; };
		6E7C3AE12AB5CB1B00591FF2 /* Event.swift */ = {isa = PBXFileReference; fileEncoding = 4; lastKnownFileType = sourcecode.swift; path = Event.swift; sourceTree = "<group>"; };
		6E7C3AE32AB5CB1B00591FF2 /* BackgroundTaskManager.swift */ = {isa = PBXFileReference; fileEncoding = 4; lastKnownFileType = sourcecode.swift; path = BackgroundTaskManager.swift; sourceTree = "<group>"; };
		6E7C3AE52AB5CB1B00591FF2 /* Ecies.xcframework */ = {isa = PBXFileReference; lastKnownFileType = wrapper.xcframework; path = Ecies.xcframework; sourceTree = "<group>"; };
		6E7C3AE72AB5CB1B00591FF2 /* .gitkeep */ = {isa = PBXFileReference; fileEncoding = 4; lastKnownFileType = text; path = .gitkeep; sourceTree = "<group>"; };
		6E7C3B042AB5CB2800591FF2 /* TransactionView.swift */ = {isa = PBXFileReference; fileEncoding = 4; lastKnownFileType = sourcecode.swift; path = TransactionView.swift; sourceTree = "<group>"; };
		6E7C3B052AB5CB2800591FF2 /* NetworkView.swift */ = {isa = PBXFileReference; fileEncoding = 4; lastKnownFileType = sourcecode.swift; path = NetworkView.swift; sourceTree = "<group>"; };
		6E7C3B062AB5CB2800591FF2 /* ToastView.swift */ = {isa = PBXFileReference; fileEncoding = 4; lastKnownFileType = sourcecode.swift; path = ToastView.swift; sourceTree = "<group>"; };
		6E7C3B072AB5CB2800591FF2 /* ViewExtension.swift */ = {isa = PBXFileReference; fileEncoding = 4; lastKnownFileType = sourcecode.swift; path = ViewExtension.swift; sourceTree = "<group>"; };
		6E7C3B082AB5CB2800591FF2 /* ToastOverlay.swift */ = {isa = PBXFileReference; fileEncoding = 4; lastKnownFileType = sourcecode.swift; path = ToastOverlay.swift; sourceTree = "<group>"; };
		6E7C3B092AB5CB2800591FF2 /* SignView.swift */ = {isa = PBXFileReference; fileEncoding = 4; lastKnownFileType = sourcecode.swift; path = SignView.swift; sourceTree = "<group>"; };
		6E7C3B0A2AB5CB2800591FF2 /* SwitchChainView.swift */ = {isa = PBXFileReference; fileEncoding = 4; lastKnownFileType = sourcecode.swift; path = SwitchChainView.swift; sourceTree = "<group>"; };
		6E7C3B152AB5E08100591FF2 /* JSONFile.swift */ = {isa = PBXFileReference; lastKnownFileType = sourcecode.swift; path = JSONFile.swift; sourceTree = "<group>"; };
/* End PBXFileReference section */

/* Begin PBXFrameworksBuildPhase section */
		0E7B90442AB4ADAB0009A8BE /* Frameworks */ = {
			isa = PBXFrameworksBuildPhase;
			buildActionMask = 2147483647;
			files = (
				6E7C3AB82AB5B8D800591FF2 /* CodeScanner in Frameworks */,
				6E7C3B192AB5E67400591FF2 /* FirebaseAuth in Frameworks */,
				6E7C3B012AB5CB1B00591FF2 /* Ecies.xcframework in Frameworks */,
				0E7B90762AB4ADCE0009A8BE /* web3swift in Frameworks */,
				6E7C3B142AB5CC2F00591FF2 /* SocketIO in Frameworks */,
				6E7C3ABD2AB5CAD700591FF2 /* Starscream in Frameworks */,
				6E7C3B1B2AB5E67400591FF2 /* FirebaseFirestore in Frameworks */,
			);
			runOnlyForDeploymentPostprocessing = 0;
		};
		0E7B90542AB4ADAC0009A8BE /* Frameworks */ = {
			isa = PBXFrameworksBuildPhase;
			buildActionMask = 2147483647;
			files = (
			);
			runOnlyForDeploymentPostprocessing = 0;
		};
		0E7B905E2AB4ADAC0009A8BE /* Frameworks */ = {
			isa = PBXFrameworksBuildPhase;
			buildActionMask = 2147483647;
			files = (
			);
			runOnlyForDeploymentPostprocessing = 0;
		};
/* End PBXFrameworksBuildPhase section */

/* Begin PBXGroup section */
		0E7B903E2AB4ADAB0009A8BE = {
			isa = PBXGroup;
			children = (
				0E7B90492AB4ADAB0009A8BE /* Hach2023_new */,
				0E7B905A2AB4ADAC0009A8BE /* Hach2023_newTests */,
				0E7B90642AB4ADAC0009A8BE /* Hach2023_newUITests */,
				0E7B90482AB4ADAB0009A8BE /* Products */,
			);
			sourceTree = "<group>";
		};
		0E7B90482AB4ADAB0009A8BE /* Products */ = {
			isa = PBXGroup;
			children = (
				0E7B90472AB4ADAB0009A8BE /* Hach2023_new.app */,
				0E7B90572AB4ADAC0009A8BE /* Hach2023_newTests.xctest */,
				0E7B90612AB4ADAC0009A8BE /* Hach2023_newUITests.xctest */,
			);
			name = Products;
			sourceTree = "<group>";
		};
		0E7B90492AB4ADAB0009A8BE /* Hach2023_new */ = {
			isa = PBXGroup;
			children = (
				0E7B904A2AB4ADAB0009A8BE /* Hach2023_newApp.swift */,
				0E7B904C2AB4ADAB0009A8BE /* ContentView.swift */,
				6E7C3A742AB589E600591FF2 /* QRCodeView.swift */,
				6E7C3AB02AB5B33300591FF2 /* OneView.swift */,
				6E7C3AB22AB5B37700591FF2 /* TwoView.swift */,
				6E7C3AB42AB5B83900591FF2 /* ScanView.swift */,
				6E7C3AB92AB5C83F00591FF2 /* PersonView.swift */,
				6E7C3ABE2AB5CB1B00591FF2 /* Sources */,
				6E49C5072AB4C7F00068DAA2 /* Model */,
				0E7B904E2AB4ADAC0009A8BE /* Assets.xcassets */,
				0E7B90502AB4ADAC0009A8BE /* Preview Content */,
			);
			path = Hach2023_new;
			sourceTree = "<group>";
		};
		0E7B90502AB4ADAC0009A8BE /* Preview Content */ = {
			isa = PBXGroup;
			children = (
				0E7B90512AB4ADAC0009A8BE /* Preview Assets.xcassets */,
			);
			path = "Preview Content";
			sourceTree = "<group>";
		};
		0E7B905A2AB4ADAC0009A8BE /* Hach2023_newTests */ = {
			isa = PBXGroup;
			children = (
				0E7B905B2AB4ADAC0009A8BE /* Hach2023_newTests.swift */,
			);
			path = Hach2023_newTests;
			sourceTree = "<group>";
		};
		0E7B90642AB4ADAC0009A8BE /* Hach2023_newUITests */ = {
			isa = PBXGroup;
			children = (
				0E7B90652AB4ADAC0009A8BE /* Hach2023_newUITests.swift */,
				0E7B90672AB4ADAC0009A8BE /* Hach2023_newUITestsLaunchTests.swift */,
			);
			path = Hach2023_newUITests;
			sourceTree = "<group>";
		};
		6E49C5072AB4C7F00068DAA2 /* Model */ = {
			isa = PBXGroup;
			children = (
				6E49C5082AB4C8040068DAA2 /* Model.swift */,
				6E7C3B152AB5E08100591FF2 /* JSONFile.swift */,
				6E7C3A722AB5856300591FF2 /* ViewModel.swift */,
			);
			path = Model;
			sourceTree = "<group>";
		};
		6E7C3ABE2AB5CB1B00591FF2 /* Sources */ = {
			isa = PBXGroup;
			children = (
				6E7C3B032AB5CB2800591FF2 /* ggg */,
				6E7C3ABF2AB5CB1B00591FF2 /* metamask-ios-sdk */,
			);
			path = Sources;
			sourceTree = "<group>";
		};
		6E7C3ABF2AB5CB1B00591FF2 /* metamask-ios-sdk */ = {
			isa = PBXGroup;
			children = (
				6E7C3AC02AB5CB1B00591FF2 /* Classes */,
				6E7C3AE42AB5CB1B00591FF2 /* Frameworks */,
				6E7C3AE62AB5CB1B00591FF2 /* Assets */,
			);
			path = "metamask-ios-sdk";
			sourceTree = "<group>";
		};
		6E7C3AC02AB5CB1B00591FF2 /* Classes */ = {
			isa = PBXGroup;
			children = (
				6E7C3AC12AB5CB1B00591FF2 /* Crypto */,
				6E7C3AC42AB5CB1B00591FF2 /* Logger */,
				6E7C3AC62AB5CB1B00591FF2 /* SDK */,
				6E7C3AC92AB5CB1B00591FF2 /* Persistence */,
				6E7C3ACC2AB5CB1B00591FF2 /* API */,
				6E7C3AD02AB5CB1B00591FF2 /* Communication */,
				6E7C3AD62AB5CB1B00591FF2 /* Ethereum */,
				6E7C3ADF2AB5CB1B00591FF2 /* Analytics */,
				6E7C3AE22AB5CB1B00591FF2 /* Backgroundtaskmanager */,
			);
			path = Classes;
			sourceTree = "<group>";
		};
		6E7C3AC12AB5CB1B00591FF2 /* Crypto */ = {
			isa = PBXGroup;
			children = (
				6E7C3AC22AB5CB1B00591FF2 /* KeyExchange.swift */,
				6E7C3AC32AB5CB1B00591FF2 /* Crypto.swift */,
			);
			path = Crypto;
			sourceTree = "<group>";
		};
		6E7C3AC42AB5CB1B00591FF2 /* Logger */ = {
			isa = PBXGroup;
			children = (
				6E7C3AC52AB5CB1B00591FF2 /* Logging.swift */,
			);
			path = Logger;
			sourceTree = "<group>";
		};
		6E7C3AC62AB5CB1B00591FF2 /* SDK */ = {
			isa = PBXGroup;
			children = (
				6E7C3AC72AB5CB1B00591FF2 /* SDKInfo.swift */,
				6E7C3AC82AB5CB1B00591FF2 /* MetaMaskSDK.swift */,
			);
			path = SDK;
			sourceTree = "<group>";
		};
		6E7C3AC92AB5CB1B00591FF2 /* Persistence */ = {
			isa = PBXGroup;
			children = (
				6E7C3ACA2AB5CB1B00591FF2 /* SecureStore.swift */,
				6E7C3ACB2AB5CB1B00591FF2 /* SessionConfig.swift */,
			);
			path = Persistence;
			sourceTree = "<group>";
		};
		6E7C3ACC2AB5CB1B00591FF2 /* API */ = {
			isa = PBXGroup;
			children = (
				6E7C3ACD2AB5CB1B00591FF2 /* Network.swift */,
				6E7C3ACE2AB5CB1B00591FF2 /* NetworkError.swift */,
				6E7C3ACF2AB5CB1B00591FF2 /* Endpoint.swift */,
			);
			path = API;
			sourceTree = "<group>";
		};
		6E7C3AD02AB5CB1B00591FF2 /* Communication */ = {
			isa = PBXGroup;
			children = (
				6E7C3AD12AB5CB1B00591FF2 /* models */,
				6E7C3AD32AB5CB1B00591FF2 /* ClientEvent.swift */,
				6E7C3AD42AB5CB1B00591FF2 /* SocketChannel.swift */,
				6E7C3AD52AB5CB1B00591FF2 /* SocketClient.swift */,
			);
			path = Communication;
			sourceTree = "<group>";
		};
		6E7C3AD12AB5CB1B00591FF2 /* models */ = {
			isa = PBXGroup;
			children = (
				6E7C3AD22AB5CB1B00591FF2 /* Models.swift */,
			);
			path = models;
			sourceTree = "<group>";
		};
		6E7C3AD62AB5CB1B00591FF2 /* Ethereum */ = {
			isa = PBXGroup;
			children = (
				6E7C3AD72AB5CB1B00591FF2 /* EthereumRequest.swift */,
				6E7C3AD82AB5CB1B00591FF2 /* EthereumMethod.swift */,
				6E7C3AD92AB5CB1B00591FF2 /* Dapp.swift */,
				6E7C3ADA2AB5CB1B00591FF2 /* Ethereum.swift */,
				6E7C3ADB2AB5CB1B00591FF2 /* ErrorType.swift */,
				6E7C3ADC2AB5CB1B00591FF2 /* SubmitRequest.swift */,
				6E7C3ADD2AB5CB1B00591FF2 /* RequestError.swift */,
				6E7C3ADE2AB5CB1B00591FF2 /* ResponseMethod.swift */,
			);
			path = Ethereum;
			sourceTree = "<group>";
		};
		6E7C3ADF2AB5CB1B00591FF2 /* Analytics */ = {
			isa = PBXGroup;
			children = (
				6E7C3AE02AB5CB1B00591FF2 /* Analytics.swift */,
				6E7C3AE12AB5CB1B00591FF2 /* Event.swift */,
			);
			path = Analytics;
			sourceTree = "<group>";
		};
		6E7C3AE22AB5CB1B00591FF2 /* Backgroundtaskmanager */ = {
			isa = PBXGroup;
			children = (
				6E7C3AE32AB5CB1B00591FF2 /* BackgroundTaskManager.swift */,
			);
			path = Backgroundtaskmanager;
			sourceTree = "<group>";
		};
		6E7C3AE42AB5CB1B00591FF2 /* Frameworks */ = {
			isa = PBXGroup;
			children = (
				6E7C3AE52AB5CB1B00591FF2 /* Ecies.xcframework */,
			);
			path = Frameworks;
			sourceTree = "<group>";
		};
		6E7C3AE62AB5CB1B00591FF2 /* Assets */ = {
			isa = PBXGroup;
			children = (
				6E7C3AE72AB5CB1B00591FF2 /* .gitkeep */,
			);
			path = Assets;
			sourceTree = "<group>";
		};
		6E7C3B032AB5CB2800591FF2 /* ggg */ = {
			isa = PBXGroup;
			children = (
				6E7C3B042AB5CB2800591FF2 /* TransactionView.swift */,
				6E7C3B052AB5CB2800591FF2 /* NetworkView.swift */,
				6E7C3B062AB5CB2800591FF2 /* ToastView.swift */,
				6E7C3B072AB5CB2800591FF2 /* ViewExtension.swift */,
				6E7C3B082AB5CB2800591FF2 /* ToastOverlay.swift */,
				6E7C3B092AB5CB2800591FF2 /* SignView.swift */,
				6E7C3B0A2AB5CB2800591FF2 /* SwitchChainView.swift */,
			);
			path = ggg;
			sourceTree = "<group>";
		};
/* End PBXGroup section */

/* Begin PBXNativeTarget section */
		0E7B90462AB4ADAB0009A8BE /* Hach2023_new */ = {
			isa = PBXNativeTarget;
			buildConfigurationList = 0E7B906B2AB4ADAC0009A8BE /* Build configuration list for PBXNativeTarget "Hach2023_new" */;
			buildPhases = (
				0E7B90432AB4ADAB0009A8BE /* Sources */,
				0E7B90442AB4ADAB0009A8BE /* Frameworks */,
				0E7B90452AB4ADAB0009A8BE /* Resources */,
			);
			buildRules = (
			);
			dependencies = (
			);
			name = Hach2023_new;
			packageProductDependencies = (
				0E7B90752AB4ADCE0009A8BE /* web3swift */,
				6E7C3AB72AB5B8D800591FF2 /* CodeScanner */,
				6E7C3ABC2AB5CAD700591FF2 /* Starscream */,
				6E7C3B132AB5CC2F00591FF2 /* SocketIO */,
				6E7C3B182AB5E67400591FF2 /* FirebaseAuth */,
				6E7C3B1A2AB5E67400591FF2 /* FirebaseFirestore */,
			);
			productName = Hach2023_new;
			productReference = 0E7B90472AB4ADAB0009A8BE /* Hach2023_new.app */;
			productType = "com.apple.product-type.application";
		};
		0E7B90562AB4ADAC0009A8BE /* Hach2023_newTests */ = {
			isa = PBXNativeTarget;
			buildConfigurationList = 0E7B906E2AB4ADAC0009A8BE /* Build configuration list for PBXNativeTarget "Hach2023_newTests" */;
			buildPhases = (
				0E7B90532AB4ADAC0009A8BE /* Sources */,
				0E7B90542AB4ADAC0009A8BE /* Frameworks */,
				0E7B90552AB4ADAC0009A8BE /* Resources */,
			);
			buildRules = (
			);
			dependencies = (
				0E7B90592AB4ADAC0009A8BE /* PBXTargetDependency */,
			);
			name = Hach2023_newTests;
			productName = Hach2023_newTests;
			productReference = 0E7B90572AB4ADAC0009A8BE /* Hach2023_newTests.xctest */;
			productType = "com.apple.product-type.bundle.unit-test";
		};
		0E7B90602AB4ADAC0009A8BE /* Hach2023_newUITests */ = {
			isa = PBXNativeTarget;
			buildConfigurationList = 0E7B90712AB4ADAC0009A8BE /* Build configuration list for PBXNativeTarget "Hach2023_newUITests" */;
			buildPhases = (
				0E7B905D2AB4ADAC0009A8BE /* Sources */,
				0E7B905E2AB4ADAC0009A8BE /* Frameworks */,
				0E7B905F2AB4ADAC0009A8BE /* Resources */,
			);
			buildRules = (
			);
			dependencies = (
				0E7B90632AB4ADAC0009A8BE /* PBXTargetDependency */,
			);
			name = Hach2023_newUITests;
			productName = Hach2023_newUITests;
			productReference = 0E7B90612AB4ADAC0009A8BE /* Hach2023_newUITests.xctest */;
			productType = "com.apple.product-type.bundle.ui-testing";
		};
/* End PBXNativeTarget section */

/* Begin PBXProject section */
		0E7B903F2AB4ADAB0009A8BE /* Project object */ = {
			isa = PBXProject;
			attributes = {
				BuildIndependentTargetsInParallel = 1;
				LastSwiftUpdateCheck = 1420;
				LastUpgradeCheck = 1420;
				TargetAttributes = {
					0E7B90462AB4ADAB0009A8BE = {
						CreatedOnToolsVersion = 14.2;
					};
					0E7B90562AB4ADAC0009A8BE = {
						CreatedOnToolsVersion = 14.2;
						TestTargetID = 0E7B90462AB4ADAB0009A8BE;
					};
					0E7B90602AB4ADAC0009A8BE = {
						CreatedOnToolsVersion = 14.2;
						TestTargetID = 0E7B90462AB4ADAB0009A8BE;
					};
				};
			};
			buildConfigurationList = 0E7B90422AB4ADAB0009A8BE /* Build configuration list for PBXProject "Hach2023_new" */;
			compatibilityVersion = "Xcode 14.0";
			developmentRegion = en;
			hasScannedForEncodings = 0;
			knownRegions = (
				en,
				Base,
			);
			mainGroup = 0E7B903E2AB4ADAB0009A8BE;
			packageReferences = (
				0E7B90742AB4ADCD0009A8BE /* XCRemoteSwiftPackageReference "web3swift" */,
				6E7C3AB62AB5B8D800591FF2 /* XCRemoteSwiftPackageReference "CodeScanner" */,
				6E7C3ABB2AB5CAD700591FF2 /* XCRemoteSwiftPackageReference "Starscream" */,
				6E7C3B122AB5CC2F00591FF2 /* XCRemoteSwiftPackageReference "socket.io-client-swift" */,
				6E7C3B172AB5E67400591FF2 /* XCRemoteSwiftPackageReference "firebase-ios-sdk" */,
			);
			productRefGroup = 0E7B90482AB4ADAB0009A8BE /* Products */;
			projectDirPath = "";
			projectRoot = "";
			targets = (
				0E7B90462AB4ADAB0009A8BE /* Hach2023_new */,
				0E7B90562AB4ADAC0009A8BE /* Hach2023_newTests */,
				0E7B90602AB4ADAC0009A8BE /* Hach2023_newUITests */,
			);
		};
/* End PBXProject section */

/* Begin PBXResourcesBuildPhase section */
		0E7B90452AB4ADAB0009A8BE /* Resources */ = {
			isa = PBXResourcesBuildPhase;
			buildActionMask = 2147483647;
			files = (
				6E7C3B022AB5CB1B00591FF2 /* .gitkeep in Resources */,
				0E7B90522AB4ADAC0009A8BE /* Preview Assets.xcassets in Resources */,
				0E7B904F2AB4ADAC0009A8BE /* Assets.xcassets in Resources */,
			);
			runOnlyForDeploymentPostprocessing = 0;
		};
		0E7B90552AB4ADAC0009A8BE /* Resources */ = {
			isa = PBXResourcesBuildPhase;
			buildActionMask = 2147483647;
			files = (
			);
			runOnlyForDeploymentPostprocessing = 0;
		};
		0E7B905F2AB4ADAC0009A8BE /* Resources */ = {
			isa = PBXResourcesBuildPhase;
			buildActionMask = 2147483647;
			files = (
			);
			runOnlyForDeploymentPostprocessing = 0;
		};
/* End PBXResourcesBuildPhase section */

/* Begin PBXSourcesBuildPhase section */
		0E7B90432AB4ADAB0009A8BE /* Sources */ = {
			isa = PBXSourcesBuildPhase;
			buildActionMask = 2147483647;
			files = (
				6E7C3AF42AB5CB1B00591FF2 /* SocketChannel.swift in Sources */,
				6E7C3AFF2AB5CB1B00591FF2 /* Event.swift in Sources */,
				6E7C3AE82AB5CB1B00591FF2 /* KeyExchange.swift in Sources */,
				6E7C3AF82AB5CB1B00591FF2 /* Dapp.swift in Sources */,
				6E7C3ABA2AB5C83F00591FF2 /* PersonView.swift in Sources */,
				6E7C3AF52AB5CB1B00591FF2 /* SocketClient.swift in Sources */,
				6E7C3AB32AB5B37700591FF2 /* TwoView.swift in Sources */,
				6E7C3AB52AB5B83900591FF2 /* ScanView.swift in Sources */,
				6E7C3AEB2AB5CB1B00591FF2 /* SDKInfo.swift in Sources */,
				6E49C5092AB4C8040068DAA2 /* Model.swift in Sources */,
				6E7C3AFD2AB5CB1B00591FF2 /* ResponseMethod.swift in Sources */,
				6E7C3AF62AB5CB1B00591FF2 /* EthereumRequest.swift in Sources */,
				6E7C3B0D2AB5CB2800591FF2 /* ToastView.swift in Sources */,
				6E7C3B0B2AB5CB2800591FF2 /* TransactionView.swift in Sources */,
				0E7B904D2AB4ADAB0009A8BE /* ContentView.swift in Sources */,
				6E7C3A752AB589E600591FF2 /* QRCodeView.swift in Sources */,
				6E7C3AEE2AB5CB1B00591FF2 /* SessionConfig.swift in Sources */,
				6E7C3B162AB5E08100591FF2 /* JSONFile.swift in Sources */,
				6E7C3AEA2AB5CB1B00591FF2 /* Logging.swift in Sources */,
				6E7C3AEF2AB5CB1B00591FF2 /* Network.swift in Sources */,
				6E7C3AEC2AB5CB1B00591FF2 /* MetaMaskSDK.swift in Sources */,
				6E7C3AF12AB5CB1B00591FF2 /* Endpoint.swift in Sources */,
				6E7C3B102AB5CB2800591FF2 /* SignView.swift in Sources */,
				6E7C3AFE2AB5CB1B00591FF2 /* Analytics.swift in Sources */,
				6E7C3B0C2AB5CB2800591FF2 /* NetworkView.swift in Sources */,
				6E7C3B112AB5CB2800591FF2 /* SwitchChainView.swift in Sources */,
				6E7C3AB12AB5B33300591FF2 /* OneView.swift in Sources */,
				6E7C3AE92AB5CB1B00591FF2 /* Crypto.swift in Sources */,
				6E7C3A732AB5856300591FF2 /* ViewModel.swift in Sources */,
				6E7C3AF72AB5CB1B00591FF2 /* EthereumMethod.swift in Sources */,
				6E7C3B002AB5CB1B00591FF2 /* BackgroundTaskManager.swift in Sources */,
				6E7C3AF02AB5CB1B00591FF2 /* NetworkError.swift in Sources */,
				6E7C3AFA2AB5CB1B00591FF2 /* ErrorType.swift in Sources */,
				6E7C3B0F2AB5CB2800591FF2 /* ToastOverlay.swift in Sources */,
				0E7B904B2AB4ADAB0009A8BE /* Hach2023_newApp.swift in Sources */,
				6E7C3AF32AB5CB1B00591FF2 /* ClientEvent.swift in Sources */,
				6E7C3AED2AB5CB1B00591FF2 /* SecureStore.swift in Sources */,
				6E7C3AFC2AB5CB1B00591FF2 /* RequestError.swift in Sources */,
				6E7C3B0E2AB5CB2800591FF2 /* ViewExtension.swift in Sources */,
				6E7C3AF22AB5CB1B00591FF2 /* Models.swift in Sources */,
				6E7C3AF92AB5CB1B00591FF2 /* Ethereum.swift in Sources */,
				6E7C3AFB2AB5CB1B00591FF2 /* SubmitRequest.swift in Sources */,
			);
			runOnlyForDeploymentPostprocessing = 0;
		};
		0E7B90532AB4ADAC0009A8BE /* Sources */ = {
			isa = PBXSourcesBuildPhase;
			buildActionMask = 2147483647;
			files = (
				0E7B905C2AB4ADAC0009A8BE /* Hach2023_newTests.swift in Sources */,
			);
			runOnlyForDeploymentPostprocessing = 0;
		};
		0E7B905D2AB4ADAC0009A8BE /* Sources */ = {
			isa = PBXSourcesBuildPhase;
			buildActionMask = 2147483647;
			files = (
				0E7B90682AB4ADAC0009A8BE /* Hach2023_newUITestsLaunchTests.swift in Sources */,
				0E7B90662AB4ADAC0009A8BE /* Hach2023_newUITests.swift in Sources */,
			);
			runOnlyForDeploymentPostprocessing = 0;
		};
/* End PBXSourcesBuildPhase section */

/* Begin PBXTargetDependency section */
		0E7B90592AB4ADAC0009A8BE /* PBXTargetDependency */ = {
			isa = PBXTargetDependency;
			target = 0E7B90462AB4ADAB0009A8BE /* Hach2023_new */;
			targetProxy = 0E7B90582AB4ADAC0009A8BE /* PBXContainerItemProxy */;
		};
		0E7B90632AB4ADAC0009A8BE /* PBXTargetDependency */ = {
			isa = PBXTargetDependency;
			target = 0E7B90462AB4ADAB0009A8BE /* Hach2023_new */;
			targetProxy = 0E7B90622AB4ADAC0009A8BE /* PBXContainerItemProxy */;
		};
/* End PBXTargetDependency section */

/* Begin XCBuildConfiguration section */
		0E7B90692AB4ADAC0009A8BE /* Debug */ = {
			isa = XCBuildConfiguration;
			buildSettings = {
				ALWAYS_SEARCH_USER_PATHS = NO;
				CLANG_ANALYZER_NONNULL = YES;
				CLANG_ANALYZER_NUMBER_OBJECT_CONVERSION = YES_AGGRESSIVE;
				CLANG_CXX_LANGUAGE_STANDARD = "gnu++20";
				CLANG_ENABLE_MODULES = YES;
				CLANG_ENABLE_OBJC_ARC = YES;
				CLANG_ENABLE_OBJC_WEAK = YES;
				CLANG_WARN_BLOCK_CAPTURE_AUTORELEASING = YES;
				CLANG_WARN_BOOL_CONVERSION = YES;
				CLANG_WARN_COMMA = YES;
				CLANG_WARN_CONSTANT_CONVERSION = YES;
				CLANG_WARN_DEPRECATED_OBJC_IMPLEMENTATIONS = YES;
				CLANG_WARN_DIRECT_OBJC_ISA_USAGE = YES_ERROR;
				CLANG_WARN_DOCUMENTATION_COMMENTS = YES;
				CLANG_WARN_EMPTY_BODY = YES;
				CLANG_WARN_ENUM_CONVERSION = YES;
				CLANG_WARN_INFINITE_RECURSION = YES;
				CLANG_WARN_INT_CONVERSION = YES;
				CLANG_WARN_NON_LITERAL_NULL_CONVERSION = YES;
				CLANG_WARN_OBJC_IMPLICIT_RETAIN_SELF = YES;
				CLANG_WARN_OBJC_LITERAL_CONVERSION = YES;
				CLANG_WARN_OBJC_ROOT_CLASS = YES_ERROR;
				CLANG_WARN_QUOTED_INCLUDE_IN_FRAMEWORK_HEADER = YES;
				CLANG_WARN_RANGE_LOOP_ANALYSIS = YES;
				CLANG_WARN_STRICT_PROTOTYPES = YES;
				CLANG_WARN_SUSPICIOUS_MOVE = YES;
				CLANG_WARN_UNGUARDED_AVAILABILITY = YES_AGGRESSIVE;
				CLANG_WARN_UNREACHABLE_CODE = YES;
				CLANG_WARN__DUPLICATE_METHOD_MATCH = YES;
				COPY_PHASE_STRIP = NO;
				DEBUG_INFORMATION_FORMAT = dwarf;
				ENABLE_STRICT_OBJC_MSGSEND = YES;
				ENABLE_TESTABILITY = YES;
				GCC_C_LANGUAGE_STANDARD = gnu11;
				GCC_DYNAMIC_NO_PIC = NO;
				GCC_NO_COMMON_BLOCKS = YES;
				GCC_OPTIMIZATION_LEVEL = 0;
				GCC_PREPROCESSOR_DEFINITIONS = (
					"DEBUG=1",
					"$(inherited)",
				);
				GCC_WARN_64_TO_32_BIT_CONVERSION = YES;
				GCC_WARN_ABOUT_RETURN_TYPE = YES_ERROR;
				GCC_WARN_UNDECLARED_SELECTOR = YES;
				GCC_WARN_UNINITIALIZED_AUTOS = YES_AGGRESSIVE;
				GCC_WARN_UNUSED_FUNCTION = YES;
				GCC_WARN_UNUSED_VARIABLE = YES;
				IPHONEOS_DEPLOYMENT_TARGET = 16.2;
				MTL_ENABLE_DEBUG_INFO = INCLUDE_SOURCE;
				MTL_FAST_MATH = YES;
				ONLY_ACTIVE_ARCH = YES;
				SDKROOT = iphoneos;
				SWIFT_ACTIVE_COMPILATION_CONDITIONS = DEBUG;
				SWIFT_OPTIMIZATION_LEVEL = "-Onone";
			};
			name = Debug;
		};
		0E7B906A2AB4ADAC0009A8BE /* Release */ = {
			isa = XCBuildConfiguration;
			buildSettings = {
				ALWAYS_SEARCH_USER_PATHS = NO;
				CLANG_ANALYZER_NONNULL = YES;
				CLANG_ANALYZER_NUMBER_OBJECT_CONVERSION = YES_AGGRESSIVE;
				CLANG_CXX_LANGUAGE_STANDARD = "gnu++20";
				CLANG_ENABLE_MODULES = YES;
				CLANG_ENABLE_OBJC_ARC = YES;
				CLANG_ENABLE_OBJC_WEAK = YES;
				CLANG_WARN_BLOCK_CAPTURE_AUTORELEASING = YES;
				CLANG_WARN_BOOL_CONVERSION = YES;
				CLANG_WARN_COMMA = YES;
				CLANG_WARN_CONSTANT_CONVERSION = YES;
				CLANG_WARN_DEPRECATED_OBJC_IMPLEMENTATIONS = YES;
				CLANG_WARN_DIRECT_OBJC_ISA_USAGE = YES_ERROR;
				CLANG_WARN_DOCUMENTATION_COMMENTS = YES;
				CLANG_WARN_EMPTY_BODY = YES;
				CLANG_WARN_ENUM_CONVERSION = YES;
				CLANG_WARN_INFINITE_RECURSION = YES;
				CLANG_WARN_INT_CONVERSION = YES;
				CLANG_WARN_NON_LITERAL_NULL_CONVERSION = YES;
				CLANG_WARN_OBJC_IMPLICIT_RETAIN_SELF = YES;
				CLANG_WARN_OBJC_LITERAL_CONVERSION = YES;
				CLANG_WARN_OBJC_ROOT_CLASS = YES_ERROR;
				CLANG_WARN_QUOTED_INCLUDE_IN_FRAMEWORK_HEADER = YES;
				CLANG_WARN_RANGE_LOOP_ANALYSIS = YES;
				CLANG_WARN_STRICT_PROTOTYPES = YES;
				CLANG_WARN_SUSPICIOUS_MOVE = YES;
				CLANG_WARN_UNGUARDED_AVAILABILITY = YES_AGGRESSIVE;
				CLANG_WARN_UNREACHABLE_CODE = YES;
				CLANG_WARN__DUPLICATE_METHOD_MATCH = YES;
				COPY_PHASE_STRIP = NO;
				DEBUG_INFORMATION_FORMAT = "dwarf-with-dsym";
				ENABLE_NS_ASSERTIONS = NO;
				ENABLE_STRICT_OBJC_MSGSEND = YES;
				GCC_C_LANGUAGE_STANDARD = gnu11;
				GCC_NO_COMMON_BLOCKS = YES;
				GCC_WARN_64_TO_32_BIT_CONVERSION = YES;
				GCC_WARN_ABOUT_RETURN_TYPE = YES_ERROR;
				GCC_WARN_UNDECLARED_SELECTOR = YES;
				GCC_WARN_UNINITIALIZED_AUTOS = YES_AGGRESSIVE;
				GCC_WARN_UNUSED_FUNCTION = YES;
				GCC_WARN_UNUSED_VARIABLE = YES;
				IPHONEOS_DEPLOYMENT_TARGET = 16.2;
				MTL_ENABLE_DEBUG_INFO = NO;
				MTL_FAST_MATH = YES;
				SDKROOT = iphoneos;
				SWIFT_COMPILATION_MODE = wholemodule;
				SWIFT_OPTIMIZATION_LEVEL = "-O";
				VALIDATE_PRODUCT = YES;
			};
			name = Release;
		};
		0E7B906C2AB4ADAC0009A8BE /* Debug */ = {
			isa = XCBuildConfiguration;
			buildSettings = {
				ASSETCATALOG_COMPILER_APPICON_NAME = AppIcon;
				ASSETCATALOG_COMPILER_GLOBAL_ACCENT_COLOR_NAME = AccentColor;
				CODE_SIGN_STYLE = Automatic;
				CURRENT_PROJECT_VERSION = 1;
				DEVELOPMENT_ASSET_PATHS = "\"Hach2023_new/Preview Content\"";
				DEVELOPMENT_TEAM = 59D3872DX3;
				ENABLE_PREVIEWS = YES;
				GENERATE_INFOPLIST_FILE = YES;
				INFOPLIST_KEY_NSCameraUsageDescription = "We need the camera to scan QR code";
				INFOPLIST_KEY_UIApplicationSceneManifest_Generation = YES;
				INFOPLIST_KEY_UIApplicationSupportsIndirectInputEvents = YES;
				INFOPLIST_KEY_UILaunchScreen_Generation = YES;
				INFOPLIST_KEY_UISupportedInterfaceOrientations_iPad = "UIInterfaceOrientationPortrait UIInterfaceOrientationPortraitUpsideDown UIInterfaceOrientationLandscapeLeft UIInterfaceOrientationLandscapeRight";
				INFOPLIST_KEY_UISupportedInterfaceOrientations_iPhone = "UIInterfaceOrientationPortrait UIInterfaceOrientationLandscapeLeft UIInterfaceOrientationLandscapeRight";
				LD_RUNPATH_SEARCH_PATHS = (
					"$(inherited)",
					"@executable_path/Frameworks",
				);
				MARKETING_VERSION = 1.0;
				PRODUCT_BUNDLE_IDENTIFIER = "IvanDosev.Hach2023-new";
				PRODUCT_NAME = "$(TARGET_NAME)";
				SWIFT_EMIT_LOC_STRINGS = YES;
				SWIFT_VERSION = 5.0;
				TARGETED_DEVICE_FAMILY = "1,2";
			};
			name = Debug;
		};
		0E7B906D2AB4ADAC0009A8BE /* Release */ = {
			isa = XCBuildConfiguration;
			buildSettings = {
				ASSETCATALOG_COMPILER_APPICON_NAME = AppIcon;
				ASSETCATALOG_COMPILER_GLOBAL_ACCENT_COLOR_NAME = AccentColor;
				CODE_SIGN_STYLE = Automatic;
				CURRENT_PROJECT_VERSION = 1;
				DEVELOPMENT_ASSET_PATHS = "\"Hach2023_new/Preview Content\"";
				DEVELOPMENT_TEAM = 59D3872DX3;
				ENABLE_PREVIEWS = YES;
				GENERATE_INFOPLIST_FILE = YES;
				INFOPLIST_KEY_NSCameraUsageDescription = "We need the camera to scan QR code";
				INFOPLIST_KEY_UIApplicationSceneManifest_Generation = YES;
				INFOPLIST_KEY_UIApplicationSupportsIndirectInputEvents = YES;
				INFOPLIST_KEY_UILaunchScreen_Generation = YES;
				INFOPLIST_KEY_UISupportedInterfaceOrientations_iPad = "UIInterfaceOrientationPortrait UIInterfaceOrientationPortraitUpsideDown UIInterfaceOrientationLandscapeLeft UIInterfaceOrientationLandscapeRight";
				INFOPLIST_KEY_UISupportedInterfaceOrientations_iPhone = "UIInterfaceOrientationPortrait UIInterfaceOrientationLandscapeLeft UIInterfaceOrientationLandscapeRight";
				LD_RUNPATH_SEARCH_PATHS = (
					"$(inherited)",
					"@executable_path/Frameworks",
				);
				MARKETING_VERSION = 1.0;
				PRODUCT_BUNDLE_IDENTIFIER = "IvanDosev.Hach2023-new";
				PRODUCT_NAME = "$(TARGET_NAME)";
				SWIFT_EMIT_LOC_STRINGS = YES;
				SWIFT_VERSION = 5.0;
				TARGETED_DEVICE_FAMILY = "1,2";
			};
			name = Release;
		};
		0E7B906F2AB4ADAC0009A8BE /* Debug */ = {
			isa = XCBuildConfiguration;
			buildSettings = {
				ALWAYS_EMBED_SWIFT_STANDARD_LIBRARIES = YES;
				BUNDLE_LOADER = "$(TEST_HOST)";
				CODE_SIGN_STYLE = Automatic;
				CURRENT_PROJECT_VERSION = 1;
				DEVELOPMENT_TEAM = 59D3872DX3;
				GENERATE_INFOPLIST_FILE = YES;
				IPHONEOS_DEPLOYMENT_TARGET = 16.2;
				MARKETING_VERSION = 1.0;
				PRODUCT_BUNDLE_IDENTIFIER = "IvanDosev.Hach2023-newTests";
				PRODUCT_NAME = "$(TARGET_NAME)";
				SWIFT_EMIT_LOC_STRINGS = NO;
				SWIFT_VERSION = 5.0;
				TARGETED_DEVICE_FAMILY = "1,2";
				TEST_HOST = "$(BUILT_PRODUCTS_DIR)/Hach2023_new.app/$(BUNDLE_EXECUTABLE_FOLDER_PATH)/Hach2023_new";
			};
			name = Debug;
		};
		0E7B90702AB4ADAC0009A8BE /* Release */ = {
			isa = XCBuildConfiguration;
			buildSettings = {
				ALWAYS_EMBED_SWIFT_STANDARD_LIBRARIES = YES;
				BUNDLE_LOADER = "$(TEST_HOST)";
				CODE_SIGN_STYLE = Automatic;
				CURRENT_PROJECT_VERSION = 1;
				DEVELOPMENT_TEAM = 59D3872DX3;
				GENERATE_INFOPLIST_FILE = YES;
				IPHONEOS_DEPLOYMENT_TARGET = 16.2;
				MARKETING_VERSION = 1.0;
				PRODUCT_BUNDLE_IDENTIFIER = "IvanDosev.Hach2023-newTests";
				PRODUCT_NAME = "$(TARGET_NAME)";
				SWIFT_EMIT_LOC_STRINGS = NO;
				SWIFT_VERSION = 5.0;
				TARGETED_DEVICE_FAMILY = "1,2";
				TEST_HOST = "$(BUILT_PRODUCTS_DIR)/Hach2023_new.app/$(BUNDLE_EXECUTABLE_FOLDER_PATH)/Hach2023_new";
			};
			name = Release;
		};
		0E7B90722AB4ADAC0009A8BE /* Debug */ = {
			isa = XCBuildConfiguration;
			buildSettings = {
				ALWAYS_EMBED_SWIFT_STANDARD_LIBRARIES = YES;
				CODE_SIGN_STYLE = Automatic;
				CURRENT_PROJECT_VERSION = 1;
				DEVELOPMENT_TEAM = 2FYTR3E5Q9;
				GENERATE_INFOPLIST_FILE = YES;
				MARKETING_VERSION = 1.0;
				PRODUCT_BUNDLE_IDENTIFIER = "IvanDosev.Hach2023-newUITests";
				PRODUCT_NAME = "$(TARGET_NAME)";
				SWIFT_EMIT_LOC_STRINGS = NO;
				SWIFT_VERSION = 5.0;
				TARGETED_DEVICE_FAMILY = "1,2";
				TEST_TARGET_NAME = Hach2023_new;
			};
			name = Debug;
		};
		0E7B90732AB4ADAC0009A8BE /* Release */ = {
			isa = XCBuildConfiguration;
			buildSettings = {
				ALWAYS_EMBED_SWIFT_STANDARD_LIBRARIES = YES;
				CODE_SIGN_STYLE = Automatic;
				CURRENT_PROJECT_VERSION = 1;
				DEVELOPMENT_TEAM = 2FYTR3E5Q9;
				GENERATE_INFOPLIST_FILE = YES;
				MARKETING_VERSION = 1.0;
				PRODUCT_BUNDLE_IDENTIFIER = "IvanDosev.Hach2023-newUITests";
				PRODUCT_NAME = "$(TARGET_NAME)";
				SWIFT_EMIT_LOC_STRINGS = NO;
				SWIFT_VERSION = 5.0;
				TARGETED_DEVICE_FAMILY = "1,2";
				TEST_TARGET_NAME = Hach2023_new;
			};
			name = Release;
		};
/* End XCBuildConfiguration section */

/* Begin XCConfigurationList section */
		0E7B90422AB4ADAB0009A8BE /* Build configuration list for PBXProject "Hach2023_new" */ = {
			isa = XCConfigurationList;
			buildConfigurations = (
				0E7B90692AB4ADAC0009A8BE /* Debug */,
				0E7B906A2AB4ADAC0009A8BE /* Release */,
			);
			defaultConfigurationIsVisible = 0;
			defaultConfigurationName = Release;
		};
		0E7B906B2AB4ADAC0009A8BE /* Build configuration list for PBXNativeTarget "Hach2023_new" */ = {
			isa = XCConfigurationList;
			buildConfigurations = (
				0E7B906C2AB4ADAC0009A8BE /* Debug */,
				0E7B906D2AB4ADAC0009A8BE /* Release */,
			);
			defaultConfigurationIsVisible = 0;
			defaultConfigurationName = Release;
		};
		0E7B906E2AB4ADAC0009A8BE /* Build configuration list for PBXNativeTarget "Hach2023_newTests" */ = {
			isa = XCConfigurationList;
			buildConfigurations = (
				0E7B906F2AB4ADAC0009A8BE /* Debug */,
				0E7B90702AB4ADAC0009A8BE /* Release */,
			);
			defaultConfigurationIsVisible = 0;
			defaultConfigurationName = Release;
		};
		0E7B90712AB4ADAC0009A8BE /* Build configuration list for PBXNativeTarget "Hach2023_newUITests" */ = {
			isa = XCConfigurationList;
			buildConfigurations = (
				0E7B90722AB4ADAC0009A8BE /* Debug */,
				0E7B90732AB4ADAC0009A8BE /* Release */,
			);
			defaultConfigurationIsVisible = 0;
			defaultConfigurationName = Release;
		};
/* End XCConfigurationList section */

/* Begin XCRemoteSwiftPackageReference section */
		0E7B90742AB4ADCD0009A8BE /* XCRemoteSwiftPackageReference "web3swift" */ = {
			isa = XCRemoteSwiftPackageReference;
			repositoryURL = "https://github.com/web3swift-team/web3swift";
			requirement = {
				branch = develop;
				kind = branch;
			};
		};
		6E7C3AB62AB5B8D800591FF2 /* XCRemoteSwiftPackageReference "CodeScanner" */ = {
			isa = XCRemoteSwiftPackageReference;
			repositoryURL = "https://github.com/twostraws/CodeScanner.git";
			requirement = {
				kind = upToNextMajorVersion;
				minimumVersion = 2.0.0;
			};
		};
		6E7C3ABB2AB5CAD700591FF2 /* XCRemoteSwiftPackageReference "Starscream" */ = {
			isa = XCRemoteSwiftPackageReference;
			repositoryURL = "https://github.com/daltoniam/Starscream.git";
			requirement = {
				kind = upToNextMajorVersion;
				minimumVersion = 4.0.0;
			};
		};
		6E7C3B122AB5CC2F00591FF2 /* XCRemoteSwiftPackageReference "socket.io-client-swift" */ = {
			isa = XCRemoteSwiftPackageReference;
			repositoryURL = "https://github.com/socketio/socket.io-client-swift.git";
			requirement = {
				branch = master;
				kind = branch;
			};
		};
		6E7C3B172AB5E67400591FF2 /* XCRemoteSwiftPackageReference "firebase-ios-sdk" */ = {
			isa = XCRemoteSwiftPackageReference;
			repositoryURL = "https://github.com/firebase/firebase-ios-sdk";
			requirement = {
				kind = upToNextMajorVersion;
				minimumVersion = 10.0.0;
			};
		};
/* End XCRemoteSwiftPackageReference section */

/* Begin XCSwiftPackageProductDependency section */
		0E7B90752AB4ADCE0009A8BE /* web3swift */ = {
			isa = XCSwiftPackageProductDependency;
			package = 0E7B90742AB4ADCD0009A8BE /* XCRemoteSwiftPackageReference "web3swift" */;
			productName = web3swift;
		};
		6E7C3AB72AB5B8D800591FF2 /* CodeScanner */ = {
			isa = XCSwiftPackageProductDependency;
			package = 6E7C3AB62AB5B8D800591FF2 /* XCRemoteSwiftPackageReference "CodeScanner" */;
			productName = CodeScanner;
		};
		6E7C3ABC2AB5CAD700591FF2 /* Starscream */ = {
			isa = XCSwiftPackageProductDependency;
			package = 6E7C3ABB2AB5CAD700591FF2 /* XCRemoteSwiftPackageReference "Starscream" */;
			productName = Starscream;
		};
		6E7C3B132AB5CC2F00591FF2 /* SocketIO */ = {
			isa = XCSwiftPackageProductDependency;
			package = 6E7C3B122AB5CC2F00591FF2 /* XCRemoteSwiftPackageReference "socket.io-client-swift" */;
			productName = SocketIO;
		};
		6E7C3B182AB5E67400591FF2 /* FirebaseAuth */ = {
			isa = XCSwiftPackageProductDependency;
			package = 6E7C3B172AB5E67400591FF2 /* XCRemoteSwiftPackageReference "firebase-ios-sdk" */;
			productName = FirebaseAuth;
		};
		6E7C3B1A2AB5E67400591FF2 /* FirebaseFirestore */ = {
			isa = XCSwiftPackageProductDependency;
			package = 6E7C3B172AB5E67400591FF2 /* XCRemoteSwiftPackageReference "firebase-ios-sdk" */;
			productName = FirebaseFirestore;
		};
/* End XCSwiftPackageProductDependency section */
	};
	rootObject = 0E7B903F2AB4ADAB0009A8BE /* Project object */;
}
